// !$*UTF8*$!
{
	archiveVersion = 1;
	classes = {
	};
	objectVersion = 56;
	objects = {

/* Begin PBXBuildFile section */
		0C07823F2AA246E300FEE9F9 /* SupabaseSuccessService.swift in Sources */ = {isa = PBXBuildFile; fileRef = 0C07823E2AA246E300FEE9F9 /* SupabaseSuccessService.swift */; };
		0C0782472AA2B5DB00FEE9F9 /* SupbaseRepositorySuccessTest.swift in Sources */ = {isa = PBXBuildFile; fileRef = 0C0782462AA2B5DB00FEE9F9 /* SupbaseRepositorySuccessTest.swift */; };
		0C097EEF2A62E539008EC12C /* SheetView.swift in Sources */ = {isa = PBXBuildFile; fileRef = 0C097EEE2A62E539008EC12C /* SheetView.swift */; };
		0C0F9A952ACB86F70013F3FE /* SupaBaseRepository.swift in Sources */ = {isa = PBXBuildFile; fileRef = 0C0F9A942ACB86F70013F3FE /* SupaBaseRepository.swift */; };
		0C0F9A972ACB87210013F3FE /* ApiService.swift in Sources */ = {isa = PBXBuildFile; fileRef = 0C0F9A962ACB87210013F3FE /* ApiService.swift */; };
		0C0F9A9B2ACB89AD0013F3FE /* Api-Impl.swift in Sources */ = {isa = PBXBuildFile; fileRef = 0C0F9A9A2ACB89AD0013F3FE /* Api-Impl.swift */; };
		0C0F9A9E2ACB8CB80013F3FE /* SupaBaseImpl.swift in Sources */ = {isa = PBXBuildFile; fileRef = 0C0F9A9D2ACB8CB80013F3FE /* SupaBaseImpl.swift */; };
		0C1823532A5A1CCF00272CAF /* StateModel.swift in Sources */ = {isa = PBXBuildFile; fileRef = 0C1823522A5A1CCF00272CAF /* StateModel.swift */; };
		0C18DFF42A8A8BE700417A7D /* MockURLSessionProtocol.swift in Sources */ = {isa = PBXBuildFile; fileRef = 0C18DFF32A8A8BE700417A7D /* MockURLSessionProtocol.swift */; };
		0C18DFF72A8A8D7D00417A7D /* NetworkServiceTest.swift in Sources */ = {isa = PBXBuildFile; fileRef = 0C18DFF62A8A8D7D00417A7D /* NetworkServiceTest.swift */; };
		0C18DFFB2A8AC66300417A7D /* RepositoryImpTest.swift in Sources */ = {isa = PBXBuildFile; fileRef = 0C18DFFA2A8AC66300417A7D /* RepositoryImpTest.swift */; };
		0C1D1E2A2A3FC7F6008DC766 /* energy_screen.swift in Sources */ = {isa = PBXBuildFile; fileRef = 0C1D1E292A3FC7F6008DC766 /* energy_screen.swift */; };
		0C1D1E2C2A3FC805008DC766 /* flight_screen.swift in Sources */ = {isa = PBXBuildFile; fileRef = 0C1D1E2B2A3FC805008DC766 /* flight_screen.swift */; };
		0C1EC9F32AA5E41300EDB92A /* DataModel.swift in Sources */ = {isa = PBXBuildFile; fileRef = 0C222AFE2A74A050003EB7AC /* DataModel.swift */; };
		0C1EC9F52AA5F49700EDB92A /* Utils.swift in Sources */ = {isa = PBXBuildFile; fileRef = 0C222AFB2A7491EF003EB7AC /* Utils.swift */; };
		0C1EC9F62AA5F4BE00EDB92A /* Service.swift in Sources */ = {isa = PBXBuildFile; fileRef = 0C4D509B2A4CACD300671E22 /* Service.swift */; };
		0C1EC9F72AA5F57C00EDB92A /* Service_Container.swift in Sources */ = {isa = PBXBuildFile; fileRef = 0C4D509D2A4CACEA00671E22 /* Service_Container.swift */; };
		0C1EC9FD2AA5F7E900EDB92A /* Supabase-Service.swift in Sources */ = {isa = PBXBuildFile; fileRef = 0C222AF92A749177003EB7AC /* Supabase-Service.swift */; };
		0C1EC9FE2AA5F93F00EDB92A /* WidgetKit.framework in Frameworks */ = {isa = PBXBuildFile; fileRef = 0C589D422AA50C240018C79B /* WidgetKit.framework */; };
		0C1ECA022AA5F95800EDB92A /* Supabase in Frameworks */ = {isa = PBXBuildFile; productRef = 0C1ECA012AA5F95800EDB92A /* Supabase */; };
		0C1ECA032AA60E2500EDB92A /* extensions.swift in Sources */ = {isa = PBXBuildFile; fileRef = 0CE3971E2A4F4D58008482CF /* extensions.swift */; };
		0C2108AD2A844CFA00C0C9D3 /* HistoryScreen.swift in Sources */ = {isa = PBXBuildFile; fileRef = 0C2108AC2A844CFA00C0C9D3 /* HistoryScreen.swift */; };
		0C222AFA2A749177003EB7AC /* Supabase-Service.swift in Sources */ = {isa = PBXBuildFile; fileRef = 0C222AF92A749177003EB7AC /* Supabase-Service.swift */; };
		0C222AFC2A7491EF003EB7AC /* Utils.swift in Sources */ = {isa = PBXBuildFile; fileRef = 0C222AFB2A7491EF003EB7AC /* Utils.swift */; };
		0C222AFF2A74A050003EB7AC /* DataModel.swift in Sources */ = {isa = PBXBuildFile; fileRef = 0C222AFE2A74A050003EB7AC /* DataModel.swift */; };
		0C222B012A74F3A1003EB7AC /* SupabaseVm.swift in Sources */ = {isa = PBXBuildFile; fileRef = 0C222B002A74F3A1003EB7AC /* SupabaseVm.swift */; };
		0C276A4A2A6EFB1200786CF2 /* IataCode.swift in Sources */ = {isa = PBXBuildFile; fileRef = 0C276A492A6EFB1200786CF2 /* IataCode.swift */; };
		0C276A4D2A6F0F8200786CF2 /* Flight_Req.swift in Sources */ = {isa = PBXBuildFile; fileRef = 0C276A4C2A6F0F8200786CF2 /* Flight_Req.swift */; };
		0C276A512A6F1F4F00786CF2 /* Destination_Sheet.swift in Sources */ = {isa = PBXBuildFile; fileRef = 0C276A502A6F1F4F00786CF2 /* Destination_Sheet.swift */; };
		0C276A552A6F3DF900786CF2 /* iataCode.json in Resources */ = {isa = PBXBuildFile; fileRef = 0C276A542A6F3DF900786CF2 /* iataCode.json */; };
		0C276A572A6FDBED00786CF2 /* Departure_sheet.swift in Sources */ = {isa = PBXBuildFile; fileRef = 0C276A562A6FDBED00786CF2 /* Departure_sheet.swift */; };
		0C276A5A2A6FDE4B00786CF2 /* view-model.swift in Sources */ = {isa = PBXBuildFile; fileRef = 0C276A592A6FDE4B00786CF2 /* view-model.swift */; };
		0C276A5C2A6FF34900786CF2 /* Flight_Res.swift in Sources */ = {isa = PBXBuildFile; fileRef = 0C276A5B2A6FF34900786CF2 /* Flight_Res.swift */; };
		0C32F72C2ACC128000F3F92C /* ApiUsecase.swift in Sources */ = {isa = PBXBuildFile; fileRef = 0C32F72B2ACC128000F3F92C /* ApiUsecase.swift */; };
		0C32F72E2ACC1A4500F3F92C /* SupabaseUsecase.swift in Sources */ = {isa = PBXBuildFile; fileRef = 0C32F72D2ACC1A4500F3F92C /* SupabaseUsecase.swift */; };
		0C32F7302ACC82BB00F3F92C /* MockApiImpl.swift in Sources */ = {isa = PBXBuildFile; fileRef = 0C32F72F2ACC82BB00F3F92C /* MockApiImpl.swift */; };
		0C32F7322ACCDD6200F3F92C /* MockSupabaseServiceImpl.swift in Sources */ = {isa = PBXBuildFile; fileRef = 0C32F7312ACCDD6200F3F92C /* MockSupabaseServiceImpl.swift */; };
		0C32F7352ACCE39200F3F92C /* ResultState.swift in Sources */ = {isa = PBXBuildFile; fileRef = 0C32F7342ACCE39200F3F92C /* ResultState.swift */; };
		0C349F3F2A8131CE00534094 /* Launch Screen.storyboard in Resources */ = {isa = PBXBuildFile; fileRef = 0C349F3E2A8131CE00534094 /* Launch Screen.storyboard */; };
		0C4980C52A674D3400174DFD /* KeyboardUtil.swift in Sources */ = {isa = PBXBuildFile; fileRef = 0C4980C42A674D3400174DFD /* KeyboardUtil.swift */; };
		0C4D509C2A4CACD300671E22 /* Service.swift in Sources */ = {isa = PBXBuildFile; fileRef = 0C4D509B2A4CACD300671E22 /* Service.swift */; };
		0C4D509E2A4CACEA00671E22 /* Service_Container.swift in Sources */ = {isa = PBXBuildFile; fileRef = 0C4D509D2A4CACEA00671E22 /* Service_Container.swift */; };
		0C4D50A52A4CC82500671E22 /* http_repository_imp.swift in Sources */ = {isa = PBXBuildFile; fileRef = 0C4D50A42A4CC82500671E22 /* http_repository_imp.swift */; };
		0C4D50A82A4CD88F00671E22 /* Json_Mapper.swift in Sources */ = {isa = PBXBuildFile; fileRef = 0C4D50A72A4CD88F00671E22 /* Json_Mapper.swift */; };
		0C4D50AB2A4CEAC900671E22 /* energy_vm.swift in Sources */ = {isa = PBXBuildFile; fileRef = 0C4D50AA2A4CEAC900671E22 /* energy_vm.swift */; };
		0C508A862AA3715F00091D69 /* MockSupabaseRepository.swift in Sources */ = {isa = PBXBuildFile; fileRef = 0C0782492AA2B64600FEE9F9 /* MockSupabaseRepository.swift */; };
		0C508A872AA3717600091D69 /* SupbaseSuccessMock.swift in Sources */ = {isa = PBXBuildFile; fileRef = 0C0782412AA28EEC00FEE9F9 /* SupbaseSuccessMock.swift */; };
		0C508A882AA3718000091D69 /* SupabaseFailureMock.swift in Sources */ = {isa = PBXBuildFile; fileRef = 0C0782432AA2B01500FEE9F9 /* SupabaseFailureMock.swift */; };
		0C508A8B2AA38E4A00091D69 /* NetworkServiceMock.swift in Sources */ = {isa = PBXBuildFile; fileRef = 0C508A8A2AA38E4A00091D69 /* NetworkServiceMock.swift */; };
		0C54FC792A9F569E00AC1296 /* NavigationService.swift in Sources */ = {isa = PBXBuildFile; fileRef = 0C54FC782A9F569E00AC1296 /* NavigationService.swift */; };
		0C5768722AA1651E00AE4FC0 /* HomeScreenUITest.swift in Sources */ = {isa = PBXBuildFile; fileRef = 0C5768712AA1651E00AE4FC0 /* HomeScreenUITest.swift */; };
		0C5768752AA1687300AE4FC0 /* UITestingHelper.swift in Sources */ = {isa = PBXBuildFile; fileRef = 0C5768742AA1687300AE4FC0 /* UITestingHelper.swift */; };
		0C5768782AA1717800AE4FC0 /* Supabase in Frameworks */ = {isa = PBXBuildFile; productRef = 0C5768772AA1717800AE4FC0 /* Supabase */; };
		0C589D452AA50C240018C79B /* SwiftUI.framework in Frameworks */ = {isa = PBXBuildFile; fileRef = 0C589D442AA50C240018C79B /* SwiftUI.framework */; };
		0C589D482AA50C240018C79B /* FusionWidgetBundle.swift in Sources */ = {isa = PBXBuildFile; fileRef = 0C589D472AA50C240018C79B /* FusionWidgetBundle.swift */; };
		0C589D4A2AA50C240018C79B /* FusionWidgetLiveActivity.swift in Sources */ = {isa = PBXBuildFile; fileRef = 0C589D492AA50C240018C79B /* FusionWidgetLiveActivity.swift */; };
		0C589D4C2AA50C240018C79B /* FusionWidget.swift in Sources */ = {isa = PBXBuildFile; fileRef = 0C589D4B2AA50C240018C79B /* FusionWidget.swift */; };
		0C589D4E2AA50C260018C79B /* Assets.xcassets in Resources */ = {isa = PBXBuildFile; fileRef = 0C589D4D2AA50C260018C79B /* Assets.xcassets */; };
		0C589D522AA50C260018C79B /* FusionWidgetExtension.appex in Embed Foundation Extensions */ = {isa = PBXBuildFile; fileRef = 0C589D402AA50C240018C79B /* FusionWidgetExtension.appex */; settings = {ATTRIBUTES = (RemoveHeadersOnCopy, ); }; };
		0C589D582AA550780018C79B /* Provider.swift in Sources */ = {isa = PBXBuildFile; fileRef = 0C589D572AA550780018C79B /* Provider.swift */; };
		0C589D5A2AA550CC0018C79B /* SimpleEntry.swift in Sources */ = {isa = PBXBuildFile; fileRef = 0C589D592AA550CC0018C79B /* SimpleEntry.swift */; };
		0C589D5C2AA5512D0018C79B /* FusionWidgetView.swift in Sources */ = {isa = PBXBuildFile; fileRef = 0C589D5B2AA5512D0018C79B /* FusionWidgetView.swift */; };
		0C589D5E2AA5544F0018C79B /* WidgetMedium.swift in Sources */ = {isa = PBXBuildFile; fileRef = 0C589D5D2AA5544F0018C79B /* WidgetMedium.swift */; };
		0C7F0C862A65F19F007244F1 /* Vehicles.swift in Sources */ = {isa = PBXBuildFile; fileRef = 0C7F0C852A65F19F007244F1 /* Vehicles.swift */; };
		0C7F0C882A660149007244F1 /* Network_service.swift in Sources */ = {isa = PBXBuildFile; fileRef = 0C7F0C872A660149007244F1 /* Network_service.swift */; };
		0C880A502A827DDB00AC9052 /* ChatScreen.swift in Sources */ = {isa = PBXBuildFile; fileRef = 0C880A4F2A827DDB00AC9052 /* ChatScreen.swift */; };
		0C8AF9532A1EAEE700A5202D /* app_url.swift in Sources */ = {isa = PBXBuildFile; fileRef = 0C8AF9522A1EAEE700A5202D /* app_url.swift */; };
		0C8AF9562A1EAF2C00A5202D /* endpoint.swift in Sources */ = {isa = PBXBuildFile; fileRef = 0C8AF9552A1EAF2C00A5202D /* endpoint.swift */; };
		0C8AF9592A1ED21300A5202D /* Electricity_Response.swift in Sources */ = {isa = PBXBuildFile; fileRef = 0C8AF9582A1ED21300A5202D /* Electricity_Response.swift */; };
		0CA607372A5AA19E00A48E8C /* unitedState.json in Resources */ = {isa = PBXBuildFile; fileRef = 0CA607362A5AA19E00A48E8C /* unitedState.json */; };
		0CA87DD72A64C1B30092EEDC /* Vehicle_response.swift in Sources */ = {isa = PBXBuildFile; fileRef = 0CA87DD62A64C1B30092EEDC /* Vehicle_response.swift */; };
		0CA87DD92A64CEA30092EEDC /* Vehicle_req.swift in Sources */ = {isa = PBXBuildFile; fileRef = 0CA87DD82A64CEA30092EEDC /* Vehicle_req.swift */; };
		0CAB7CCE2A211FB70016BEDA /* Electricity_req.swift in Sources */ = {isa = PBXBuildFile; fileRef = 0CAB7CCD2A211FB70016BEDA /* Electricity_req.swift */; };
		0CC1EDF42A369D5000B83569 /* ClimateCrisis-Regular.ttf in Resources */ = {isa = PBXBuildFile; fileRef = 0CC1EDF32A369D5000B83569 /* ClimateCrisis-Regular.ttf */; };
		0CC1EDF62A369D6600B83569 /* LuckiestGuy-Regular.ttf in Resources */ = {isa = PBXBuildFile; fileRef = 0CC1EDF52A369D6600B83569 /* LuckiestGuy-Regular.ttf */; };
		0CC1EDF92A36A1B800B83569 /* fonts.swift in Sources */ = {isa = PBXBuildFile; fileRef = 0CC1EDF82A36A1B800B83569 /* fonts.swift */; };
		0CD22C2B2A897C70006BA67D /* Carbon_FusionTests.swift in Sources */ = {isa = PBXBuildFile; fileRef = 0CD22C2A2A897C70006BA67D /* Carbon_FusionTests.swift */; };
		0CE3971F2A4F4D58008482CF /* extensions.swift in Sources */ = {isa = PBXBuildFile; fileRef = 0CE3971E2A4F4D58008482CF /* extensions.swift */; };
		0CE9A1E82A71ACD3009E099F /* BackButton.swift in Sources */ = {isa = PBXBuildFile; fileRef = 0CE9A1E72A71ACD3009E099F /* BackButton.swift */; };
		0CE9A1EA2A71AD62009E099F /* Descriptions.swift in Sources */ = {isa = PBXBuildFile; fileRef = 0CE9A1E92A71AD62009E099F /* Descriptions.swift */; };
		0CE9A1EC2A71AFC9009E099F /* CircleView.swift in Sources */ = {isa = PBXBuildFile; fileRef = 0CE9A1EB2A71AFC9009E099F /* CircleView.swift */; };
		0CE9A1EE2A71CEAD009E099F /* AppButton.swift in Sources */ = {isa = PBXBuildFile; fileRef = 0CE9A1ED2A71CEAD009E099F /* AppButton.swift */; };
		0CE9A1F12A72AE30009E099F /* Errors.swift in Sources */ = {isa = PBXBuildFile; fileRef = 0CE9A1F02A72AE30009E099F /* Errors.swift */; };
		0CE9A1F42A72B0D2009E099F /* Ship_response.swift in Sources */ = {isa = PBXBuildFile; fileRef = 0CE9A1F32A72B0D2009E099F /* Ship_response.swift */; };
		0CE9A1F62A72B733009E099F /* Ship_req.swift in Sources */ = {isa = PBXBuildFile; fileRef = 0CE9A1F52A72B733009E099F /* Ship_req.swift */; };
		0CE9A1F92A72C0DE009E099F /* Ship_screen.swift in Sources */ = {isa = PBXBuildFile; fileRef = 0CE9A1F82A72C0DE009E099F /* Ship_screen.swift */; };
		0CE9A1FC2A72C167009E099F /* ship_vm.swift in Sources */ = {isa = PBXBuildFile; fileRef = 0CE9A1FB2A72C167009E099F /* ship_vm.swift */; };
		0CEA21E52AB0E0B80098B4EB /* MainRoute.swift in Sources */ = {isa = PBXBuildFile; fileRef = 0CEA21E42AB0E0B80098B4EB /* MainRoute.swift */; };
		0CEA21E72AB0E1110098B4EB /* RouteView.swift in Sources */ = {isa = PBXBuildFile; fileRef = 0CEA21E62AB0E1110098B4EB /* RouteView.swift */; };
		0CF8DC2A2A1439F30035A545 /* Carbon_FusionApp.swift in Sources */ = {isa = PBXBuildFile; fileRef = 0CF8DC292A1439F30035A545 /* Carbon_FusionApp.swift */; };
		0CF8DC2C2A1439F30035A545 /* ContentView.swift in Sources */ = {isa = PBXBuildFile; fileRef = 0CF8DC2B2A1439F30035A545 /* ContentView.swift */; };
		0CF8DC2E2A1439F40035A545 /* Assets.xcassets in Resources */ = {isa = PBXBuildFile; fileRef = 0CF8DC2D2A1439F40035A545 /* Assets.xcassets */; };
		0CF8DC312A1439F40035A545 /* Preview Assets.xcassets in Resources */ = {isa = PBXBuildFile; fileRef = 0CF8DC302A1439F40035A545 /* Preview Assets.xcassets */; };
/* End PBXBuildFile section */

/* Begin PBXContainerItemProxy section */
		0C5768692AA1641E00AE4FC0 /* PBXContainerItemProxy */ = {
			isa = PBXContainerItemProxy;
			containerPortal = 0CF8DC1E2A1439F30035A545 /* Project object */;
			proxyType = 1;
			remoteGlobalIDString = 0CF8DC252A1439F30035A545;
			remoteInfo = Carbon_Fusion;
		};
		0C589D502AA50C260018C79B /* PBXContainerItemProxy */ = {
			isa = PBXContainerItemProxy;
			containerPortal = 0CF8DC1E2A1439F30035A545 /* Project object */;
			proxyType = 1;
			remoteGlobalIDString = 0C589D3F2AA50C240018C79B;
			remoteInfo = FusionWidgetExtension;
		};
		0CD22C2C2A897C70006BA67D /* PBXContainerItemProxy */ = {
			isa = PBXContainerItemProxy;
			containerPortal = 0CF8DC1E2A1439F30035A545 /* Project object */;
			proxyType = 1;
			remoteGlobalIDString = 0CF8DC252A1439F30035A545;
			remoteInfo = Carbon_Fusion;
		};
/* End PBXContainerItemProxy section */

/* Begin PBXCopyFilesBuildPhase section */
		0C589D532AA50C260018C79B /* Embed Foundation Extensions */ = {
			isa = PBXCopyFilesBuildPhase;
			buildActionMask = 2147483647;
			dstPath = "";
			dstSubfolderSpec = 13;
			files = (
				0C589D522AA50C260018C79B /* FusionWidgetExtension.appex in Embed Foundation Extensions */,
			);
			name = "Embed Foundation Extensions";
			runOnlyForDeploymentPostprocessing = 0;
		};
		0CB366852A968E5B004A432C /* Embed Watch Content */ = {
			isa = PBXCopyFilesBuildPhase;
			buildActionMask = 2147483647;
			dstPath = "$(CONTENTS_FOLDER_PATH)/Watch";
			dstSubfolderSpec = 16;
			files = (
			);
			name = "Embed Watch Content";
			runOnlyForDeploymentPostprocessing = 0;
		};
/* End PBXCopyFilesBuildPhase section */

/* Begin PBXFileReference section */
		0C07823E2AA246E300FEE9F9 /* SupabaseSuccessService.swift */ = {isa = PBXFileReference; lastKnownFileType = sourcecode.swift; path = SupabaseSuccessService.swift; sourceTree = "<group>"; };
		0C0782412AA28EEC00FEE9F9 /* SupbaseSuccessMock.swift */ = {isa = PBXFileReference; lastKnownFileType = sourcecode.swift; path = SupbaseSuccessMock.swift; sourceTree = "<group>"; };
		0C0782432AA2B01500FEE9F9 /* SupabaseFailureMock.swift */ = {isa = PBXFileReference; lastKnownFileType = sourcecode.swift; path = SupabaseFailureMock.swift; sourceTree = "<group>"; };
		0C0782462AA2B5DB00FEE9F9 /* SupbaseRepositorySuccessTest.swift */ = {isa = PBXFileReference; lastKnownFileType = sourcecode.swift; path = SupbaseRepositorySuccessTest.swift; sourceTree = "<group>"; };
		0C0782492AA2B64600FEE9F9 /* MockSupabaseRepository.swift */ = {isa = PBXFileReference; lastKnownFileType = sourcecode.swift; path = MockSupabaseRepository.swift; sourceTree = "<group>"; };
		0C097EEE2A62E539008EC12C /* SheetView.swift */ = {isa = PBXFileReference; lastKnownFileType = sourcecode.swift; path = SheetView.swift; sourceTree = "<group>"; };
		0C0F9A942ACB86F70013F3FE /* SupaBaseRepository.swift */ = {isa = PBXFileReference; lastKnownFileType = sourcecode.swift; path = SupaBaseRepository.swift; sourceTree = "<group>"; };
		0C0F9A962ACB87210013F3FE /* ApiService.swift */ = {isa = PBXFileReference; lastKnownFileType = sourcecode.swift; path = ApiService.swift; sourceTree = "<group>"; };
		0C0F9A9A2ACB89AD0013F3FE /* Api-Impl.swift */ = {isa = PBXFileReference; lastKnownFileType = sourcecode.swift; path = "Api-Impl.swift"; sourceTree = "<group>"; };
		0C0F9A9D2ACB8CB80013F3FE /* SupaBaseImpl.swift */ = {isa = PBXFileReference; lastKnownFileType = sourcecode.swift; path = SupaBaseImpl.swift; sourceTree = "<group>"; };
		0C1823522A5A1CCF00272CAF /* StateModel.swift */ = {isa = PBXFileReference; lastKnownFileType = sourcecode.swift; path = StateModel.swift; sourceTree = "<group>"; };
		0C18DFF32A8A8BE700417A7D /* MockURLSessionProtocol.swift */ = {isa = PBXFileReference; lastKnownFileType = sourcecode.swift; path = MockURLSessionProtocol.swift; sourceTree = "<group>"; };
		0C18DFF62A8A8D7D00417A7D /* NetworkServiceTest.swift */ = {isa = PBXFileReference; lastKnownFileType = sourcecode.swift; path = NetworkServiceTest.swift; sourceTree = "<group>"; };
		0C18DFFA2A8AC66300417A7D /* RepositoryImpTest.swift */ = {isa = PBXFileReference; lastKnownFileType = sourcecode.swift; path = RepositoryImpTest.swift; sourceTree = "<group>"; };
		0C1D1E292A3FC7F6008DC766 /* energy_screen.swift */ = {isa = PBXFileReference; lastKnownFileType = sourcecode.swift; path = energy_screen.swift; sourceTree = "<group>"; };
		0C1D1E2B2A3FC805008DC766 /* flight_screen.swift */ = {isa = PBXFileReference; lastKnownFileType = sourcecode.swift; path = flight_screen.swift; sourceTree = "<group>"; };
		0C2108AC2A844CFA00C0C9D3 /* HistoryScreen.swift */ = {isa = PBXFileReference; lastKnownFileType = sourcecode.swift; path = HistoryScreen.swift; sourceTree = "<group>"; };
		0C222AF92A749177003EB7AC /* Supabase-Service.swift */ = {isa = PBXFileReference; lastKnownFileType = sourcecode.swift; path = "Supabase-Service.swift"; sourceTree = "<group>"; };
		0C222AFB2A7491EF003EB7AC /* Utils.swift */ = {isa = PBXFileReference; lastKnownFileType = sourcecode.swift; path = Utils.swift; sourceTree = "<group>"; };
		0C222AFE2A74A050003EB7AC /* DataModel.swift */ = {isa = PBXFileReference; lastKnownFileType = sourcecode.swift; path = DataModel.swift; sourceTree = "<group>"; };
		0C222B002A74F3A1003EB7AC /* SupabaseVm.swift */ = {isa = PBXFileReference; lastKnownFileType = sourcecode.swift; path = SupabaseVm.swift; sourceTree = "<group>"; };
		0C276A492A6EFB1200786CF2 /* IataCode.swift */ = {isa = PBXFileReference; lastKnownFileType = sourcecode.swift; path = IataCode.swift; sourceTree = "<group>"; };
		0C276A4C2A6F0F8200786CF2 /* Flight_Req.swift */ = {isa = PBXFileReference; lastKnownFileType = sourcecode.swift; path = Flight_Req.swift; sourceTree = "<group>"; };
		0C276A502A6F1F4F00786CF2 /* Destination_Sheet.swift */ = {isa = PBXFileReference; lastKnownFileType = sourcecode.swift; path = Destination_Sheet.swift; sourceTree = "<group>"; };
		0C276A542A6F3DF900786CF2 /* iataCode.json */ = {isa = PBXFileReference; fileEncoding = 4; lastKnownFileType = text.json; name = iataCode.json; path = ../../../../Downloads/iataCode.json; sourceTree = "<group>"; };
		0C276A562A6FDBED00786CF2 /* Departure_sheet.swift */ = {isa = PBXFileReference; lastKnownFileType = sourcecode.swift; path = Departure_sheet.swift; sourceTree = "<group>"; };
		0C276A592A6FDE4B00786CF2 /* view-model.swift */ = {isa = PBXFileReference; lastKnownFileType = sourcecode.swift; path = "view-model.swift"; sourceTree = "<group>"; };
		0C276A5B2A6FF34900786CF2 /* Flight_Res.swift */ = {isa = PBXFileReference; lastKnownFileType = sourcecode.swift; path = Flight_Res.swift; sourceTree = "<group>"; };
		0C32F72B2ACC128000F3F92C /* ApiUsecase.swift */ = {isa = PBXFileReference; lastKnownFileType = sourcecode.swift; path = ApiUsecase.swift; sourceTree = "<group>"; };
		0C32F72D2ACC1A4500F3F92C /* SupabaseUsecase.swift */ = {isa = PBXFileReference; lastKnownFileType = sourcecode.swift; path = SupabaseUsecase.swift; sourceTree = "<group>"; };
		0C32F72F2ACC82BB00F3F92C /* MockApiImpl.swift */ = {isa = PBXFileReference; lastKnownFileType = sourcecode.swift; path = MockApiImpl.swift; sourceTree = "<group>"; };
		0C32F7312ACCDD6200F3F92C /* MockSupabaseServiceImpl.swift */ = {isa = PBXFileReference; lastKnownFileType = sourcecode.swift; path = MockSupabaseServiceImpl.swift; sourceTree = "<group>"; };
		0C32F7342ACCE39200F3F92C /* ResultState.swift */ = {isa = PBXFileReference; lastKnownFileType = sourcecode.swift; path = ResultState.swift; sourceTree = "<group>"; };
		0C349F3E2A8131CE00534094 /* Launch Screen.storyboard */ = {isa = PBXFileReference; lastKnownFileType = file.storyboard; path = "Launch Screen.storyboard"; sourceTree = "<group>"; };
		0C4980C42A674D3400174DFD /* KeyboardUtil.swift */ = {isa = PBXFileReference; lastKnownFileType = sourcecode.swift; path = KeyboardUtil.swift; sourceTree = "<group>"; };
		0C4D509B2A4CACD300671E22 /* Service.swift */ = {isa = PBXFileReference; lastKnownFileType = sourcecode.swift; path = Service.swift; sourceTree = "<group>"; };
		0C4D509D2A4CACEA00671E22 /* Service_Container.swift */ = {isa = PBXFileReference; lastKnownFileType = sourcecode.swift; path = Service_Container.swift; sourceTree = "<group>"; };
		0C4D50A42A4CC82500671E22 /* http_repository_imp.swift */ = {isa = PBXFileReference; lastKnownFileType = sourcecode.swift; path = http_repository_imp.swift; sourceTree = "<group>"; };
		0C4D50A72A4CD88F00671E22 /* Json_Mapper.swift */ = {isa = PBXFileReference; lastKnownFileType = sourcecode.swift; path = Json_Mapper.swift; sourceTree = "<group>"; };
		0C4D50AA2A4CEAC900671E22 /* energy_vm.swift */ = {isa = PBXFileReference; lastKnownFileType = sourcecode.swift; path = energy_vm.swift; sourceTree = "<group>"; };
		0C508A8A2AA38E4A00091D69 /* NetworkServiceMock.swift */ = {isa = PBXFileReference; lastKnownFileType = sourcecode.swift; path = NetworkServiceMock.swift; sourceTree = "<group>"; };
		0C54FC782A9F569E00AC1296 /* NavigationService.swift */ = {isa = PBXFileReference; lastKnownFileType = sourcecode.swift; path = NavigationService.swift; sourceTree = "<group>"; };
		0C5768632AA1641E00AE4FC0 /* Carbon_FusionUITests.xctest */ = {isa = PBXFileReference; explicitFileType = wrapper.cfbundle; includeInIndex = 0; path = Carbon_FusionUITests.xctest; sourceTree = BUILT_PRODUCTS_DIR; };
		0C5768712AA1651E00AE4FC0 /* HomeScreenUITest.swift */ = {isa = PBXFileReference; lastKnownFileType = sourcecode.swift; path = HomeScreenUITest.swift; sourceTree = "<group>"; };
		0C5768742AA1687300AE4FC0 /* UITestingHelper.swift */ = {isa = PBXFileReference; lastKnownFileType = sourcecode.swift; path = UITestingHelper.swift; sourceTree = "<group>"; };
		0C589D402AA50C240018C79B /* FusionWidgetExtension.appex */ = {isa = PBXFileReference; explicitFileType = "wrapper.app-extension"; includeInIndex = 0; path = FusionWidgetExtension.appex; sourceTree = BUILT_PRODUCTS_DIR; };
		0C589D422AA50C240018C79B /* WidgetKit.framework */ = {isa = PBXFileReference; lastKnownFileType = wrapper.framework; name = WidgetKit.framework; path = System/Library/Frameworks/WidgetKit.framework; sourceTree = SDKROOT; };
		0C589D442AA50C240018C79B /* SwiftUI.framework */ = {isa = PBXFileReference; lastKnownFileType = wrapper.framework; name = SwiftUI.framework; path = System/Library/Frameworks/SwiftUI.framework; sourceTree = SDKROOT; };
		0C589D472AA50C240018C79B /* FusionWidgetBundle.swift */ = {isa = PBXFileReference; lastKnownFileType = sourcecode.swift; path = FusionWidgetBundle.swift; sourceTree = "<group>"; };
		0C589D492AA50C240018C79B /* FusionWidgetLiveActivity.swift */ = {isa = PBXFileReference; lastKnownFileType = sourcecode.swift; path = FusionWidgetLiveActivity.swift; sourceTree = "<group>"; };
		0C589D4B2AA50C240018C79B /* FusionWidget.swift */ = {isa = PBXFileReference; lastKnownFileType = sourcecode.swift; path = FusionWidget.swift; sourceTree = "<group>"; };
		0C589D4D2AA50C260018C79B /* Assets.xcassets */ = {isa = PBXFileReference; lastKnownFileType = folder.assetcatalog; path = Assets.xcassets; sourceTree = "<group>"; };
		0C589D4F2AA50C260018C79B /* Info.plist */ = {isa = PBXFileReference; lastKnownFileType = text.plist.xml; path = Info.plist; sourceTree = "<group>"; };
		0C589D572AA550780018C79B /* Provider.swift */ = {isa = PBXFileReference; lastKnownFileType = sourcecode.swift; path = Provider.swift; sourceTree = "<group>"; };
		0C589D592AA550CC0018C79B /* SimpleEntry.swift */ = {isa = PBXFileReference; lastKnownFileType = sourcecode.swift; path = SimpleEntry.swift; sourceTree = "<group>"; };
		0C589D5B2AA5512D0018C79B /* FusionWidgetView.swift */ = {isa = PBXFileReference; lastKnownFileType = sourcecode.swift; path = FusionWidgetView.swift; sourceTree = "<group>"; };
		0C589D5D2AA5544F0018C79B /* WidgetMedium.swift */ = {isa = PBXFileReference; lastKnownFileType = sourcecode.swift; path = WidgetMedium.swift; sourceTree = "<group>"; };
		0C7F0C852A65F19F007244F1 /* Vehicles.swift */ = {isa = PBXFileReference; lastKnownFileType = sourcecode.swift; path = Vehicles.swift; sourceTree = "<group>"; };
		0C7F0C872A660149007244F1 /* Network_service.swift */ = {isa = PBXFileReference; lastKnownFileType = sourcecode.swift; path = Network_service.swift; sourceTree = "<group>"; };
		0C880A4F2A827DDB00AC9052 /* ChatScreen.swift */ = {isa = PBXFileReference; lastKnownFileType = sourcecode.swift; path = ChatScreen.swift; sourceTree = "<group>"; };
		0C8AF9522A1EAEE700A5202D /* app_url.swift */ = {isa = PBXFileReference; lastKnownFileType = sourcecode.swift; path = app_url.swift; sourceTree = "<group>"; };
		0C8AF9552A1EAF2C00A5202D /* endpoint.swift */ = {isa = PBXFileReference; lastKnownFileType = sourcecode.swift; path = endpoint.swift; sourceTree = "<group>"; };
		0C8AF9582A1ED21300A5202D /* Electricity_Response.swift */ = {isa = PBXFileReference; lastKnownFileType = sourcecode.swift; path = Electricity_Response.swift; sourceTree = "<group>"; };
		0CA607362A5AA19E00A48E8C /* unitedState.json */ = {isa = PBXFileReference; fileEncoding = 4; lastKnownFileType = text.json; path = unitedState.json; sourceTree = "<group>"; };
		0CA87DD62A64C1B30092EEDC /* Vehicle_response.swift */ = {isa = PBXFileReference; lastKnownFileType = sourcecode.swift; path = Vehicle_response.swift; sourceTree = "<group>"; };
		0CA87DD82A64CEA30092EEDC /* Vehicle_req.swift */ = {isa = PBXFileReference; lastKnownFileType = sourcecode.swift; path = Vehicle_req.swift; sourceTree = "<group>"; };
		0CAB7CCD2A211FB70016BEDA /* Electricity_req.swift */ = {isa = PBXFileReference; lastKnownFileType = sourcecode.swift; path = Electricity_req.swift; sourceTree = "<group>"; };
		0CC1EDF32A369D5000B83569 /* ClimateCrisis-Regular.ttf */ = {isa = PBXFileReference; lastKnownFileType = file; path = "ClimateCrisis-Regular.ttf"; sourceTree = "<group>"; };
		0CC1EDF52A369D6600B83569 /* LuckiestGuy-Regular.ttf */ = {isa = PBXFileReference; lastKnownFileType = file; path = "LuckiestGuy-Regular.ttf"; sourceTree = "<group>"; };
		0CC1EDF72A36A0FE00B83569 /* Carbon-Fusion-Info.plist */ = {isa = PBXFileReference; lastKnownFileType = text.plist; path = "Carbon-Fusion-Info.plist"; sourceTree = SOURCE_ROOT; };
		0CC1EDF82A36A1B800B83569 /* fonts.swift */ = {isa = PBXFileReference; lastKnownFileType = sourcecode.swift; path = fonts.swift; sourceTree = "<group>"; };
		0CD22C282A897C70006BA67D /* Carbon_FusionTests.xctest */ = {isa = PBXFileReference; explicitFileType = wrapper.cfbundle; includeInIndex = 0; path = Carbon_FusionTests.xctest; sourceTree = BUILT_PRODUCTS_DIR; };
		0CD22C2A2A897C70006BA67D /* Carbon_FusionTests.swift */ = {isa = PBXFileReference; lastKnownFileType = sourcecode.swift; path = Carbon_FusionTests.swift; sourceTree = "<group>"; };
		0CE3971E2A4F4D58008482CF /* extensions.swift */ = {isa = PBXFileReference; lastKnownFileType = sourcecode.swift; path = extensions.swift; sourceTree = "<group>"; };
		0CE9A1E72A71ACD3009E099F /* BackButton.swift */ = {isa = PBXFileReference; lastKnownFileType = sourcecode.swift; path = BackButton.swift; sourceTree = "<group>"; };
		0CE9A1E92A71AD62009E099F /* Descriptions.swift */ = {isa = PBXFileReference; lastKnownFileType = sourcecode.swift; path = Descriptions.swift; sourceTree = "<group>"; };
		0CE9A1EB2A71AFC9009E099F /* CircleView.swift */ = {isa = PBXFileReference; lastKnownFileType = sourcecode.swift; path = CircleView.swift; sourceTree = "<group>"; };
		0CE9A1ED2A71CEAD009E099F /* AppButton.swift */ = {isa = PBXFileReference; lastKnownFileType = sourcecode.swift; path = AppButton.swift; sourceTree = "<group>"; };
		0CE9A1F02A72AE30009E099F /* Errors.swift */ = {isa = PBXFileReference; lastKnownFileType = sourcecode.swift; path = Errors.swift; sourceTree = "<group>"; };
		0CE9A1F32A72B0D2009E099F /* Ship_response.swift */ = {isa = PBXFileReference; lastKnownFileType = sourcecode.swift; path = Ship_response.swift; sourceTree = "<group>"; };
		0CE9A1F52A72B733009E099F /* Ship_req.swift */ = {isa = PBXFileReference; lastKnownFileType = sourcecode.swift; path = Ship_req.swift; sourceTree = "<group>"; };
		0CE9A1F82A72C0DE009E099F /* Ship_screen.swift */ = {isa = PBXFileReference; lastKnownFileType = sourcecode.swift; path = Ship_screen.swift; sourceTree = "<group>"; };
		0CE9A1FB2A72C167009E099F /* ship_vm.swift */ = {isa = PBXFileReference; lastKnownFileType = sourcecode.swift; path = ship_vm.swift; sourceTree = "<group>"; };
		0CEA21E42AB0E0B80098B4EB /* MainRoute.swift */ = {isa = PBXFileReference; lastKnownFileType = sourcecode.swift; path = MainRoute.swift; sourceTree = "<group>"; };
		0CEA21E62AB0E1110098B4EB /* RouteView.swift */ = {isa = PBXFileReference; lastKnownFileType = sourcecode.swift; path = RouteView.swift; sourceTree = "<group>"; };
		0CF8DC262A1439F30035A545 /* Carbon_Fusion.app */ = {isa = PBXFileReference; explicitFileType = wrapper.application; includeInIndex = 0; path = Carbon_Fusion.app; sourceTree = BUILT_PRODUCTS_DIR; };
		0CF8DC292A1439F30035A545 /* Carbon_FusionApp.swift */ = {isa = PBXFileReference; lastKnownFileType = sourcecode.swift; path = Carbon_FusionApp.swift; sourceTree = "<group>"; };
		0CF8DC2B2A1439F30035A545 /* ContentView.swift */ = {isa = PBXFileReference; lastKnownFileType = sourcecode.swift; path = ContentView.swift; sourceTree = "<group>"; };
		0CF8DC2D2A1439F40035A545 /* Assets.xcassets */ = {isa = PBXFileReference; lastKnownFileType = folder.assetcatalog; path = Assets.xcassets; sourceTree = "<group>"; };
		0CF8DC302A1439F40035A545 /* Preview Assets.xcassets */ = {isa = PBXFileReference; lastKnownFileType = folder.assetcatalog; path = "Preview Assets.xcassets"; sourceTree = "<group>"; };
/* End PBXFileReference section */

/* Begin PBXFrameworksBuildPhase section */
		0C5768602AA1641E00AE4FC0 /* Frameworks */ = {
			isa = PBXFrameworksBuildPhase;
			buildActionMask = 2147483647;
			files = (
			);
			runOnlyForDeploymentPostprocessing = 0;
		};
		0C589D3D2AA50C240018C79B /* Frameworks */ = {
			isa = PBXFrameworksBuildPhase;
			buildActionMask = 2147483647;
			files = (
				0C589D452AA50C240018C79B /* SwiftUI.framework in Frameworks */,
				0C1EC9FE2AA5F93F00EDB92A /* WidgetKit.framework in Frameworks */,
				0C1ECA022AA5F95800EDB92A /* Supabase in Frameworks */,
			);
			runOnlyForDeploymentPostprocessing = 0;
		};
		0CD22C252A897C70006BA67D /* Frameworks */ = {
			isa = PBXFrameworksBuildPhase;
			buildActionMask = 2147483647;
			files = (
			);
			runOnlyForDeploymentPostprocessing = 0;
		};
		0CF8DC232A1439F30035A545 /* Frameworks */ = {
			isa = PBXFrameworksBuildPhase;
			buildActionMask = 2147483647;
			files = (
				0C5768782AA1717800AE4FC0 /* Supabase in Frameworks */,
			);
			runOnlyForDeploymentPostprocessing = 0;
		};
/* End PBXFrameworksBuildPhase section */

/* Begin PBXGroup section */
		0C07823C2AA246B200FEE9F9 /* Supabase */ = {
			isa = PBXGroup;
			children = (
				0C0782452AA2B57C00FEE9F9 /* SupabaseRepositoryTest */,
				0C07823D2AA246BD00FEE9F9 /* SupabaseService */,
			);
			path = Supabase;
			sourceTree = "<group>";
		};
		0C07823D2AA246BD00FEE9F9 /* SupabaseService */ = {
			isa = PBXGroup;
			children = (
				0C07823E2AA246E300FEE9F9 /* SupabaseSuccessService.swift */,
			);
			path = SupabaseService;
			sourceTree = "<group>";
		};
		0C0782402AA28EDB00FEE9F9 /* Mocks */ = {
			isa = PBXGroup;
			children = (
				0C508A892AA38E2A00091D69 /* NetworkServiceMock */,
				0C0782412AA28EEC00FEE9F9 /* SupbaseSuccessMock.swift */,
				0C0782432AA2B01500FEE9F9 /* SupabaseFailureMock.swift */,
			);
			path = Mocks;
			sourceTree = "<group>";
		};
		0C0782452AA2B57C00FEE9F9 /* SupabaseRepositoryTest */ = {
			isa = PBXGroup;
			children = (
				0C0782462AA2B5DB00FEE9F9 /* SupbaseRepositorySuccessTest.swift */,
			);
			path = SupabaseRepositoryTest;
			sourceTree = "<group>";
		};
		0C0F9A982ACB89660013F3FE /* Core */ = {
			isa = PBXGroup;
			children = (
				0C32F7332ACCE38600F3F92C /* State */,
				0C4D509A2A4CACBF00671E22 /* DI */,
				0CE9A1EF2A72AE1C009E099F /* Errors */,
				0CF8DC382A143D8B0035A545 /* Network */,
			);
			path = Core;
			sourceTree = "<group>";
		};
		0C0F9A992ACB898B0013F3FE /* Api */ = {
			isa = PBXGroup;
			children = (
				0C0F9A962ACB87210013F3FE /* ApiService.swift */,
				0C0F9A9A2ACB89AD0013F3FE /* Api-Impl.swift */,
				0C32F72F2ACC82BB00F3F92C /* MockApiImpl.swift */,
			);
			path = Api;
			sourceTree = "<group>";
		};
		0C0F9A9C2ACB8C630013F3FE /* SupabaseRepository */ = {
			isa = PBXGroup;
			children = (
				0C0782492AA2B64600FEE9F9 /* MockSupabaseRepository.swift */,
				0C0F9A942ACB86F70013F3FE /* SupaBaseRepository.swift */,
			);
			path = SupabaseRepository;
			sourceTree = "<group>";
		};
		0C18DFF22A8A8BB800417A7D /* Mocks */ = {
			isa = PBXGroup;
			children = (
				0C18DFF32A8A8BE700417A7D /* MockURLSessionProtocol.swift */,
			);
			path = Mocks;
			sourceTree = "<group>";
		};
		0C18DFF52A8A8D5100417A7D /* NetworkService */ = {
			isa = PBXGroup;
			children = (
				0C18DFF62A8A8D7D00417A7D /* NetworkServiceTest.swift */,
			);
			path = NetworkService;
			sourceTree = "<group>";
		};
		0C18DFF82A8AC61C00417A7D /* Repository */ = {
			isa = PBXGroup;
			children = (
				0C18DFFA2A8AC66300417A7D /* RepositoryImpTest.swift */,
			);
			path = Repository;
			sourceTree = "<group>";
		};
		0C1D1E282A3FC7D8008DC766 /* Screens */ = {
			isa = PBXGroup;
			children = (
				0C2108AB2A844CE300C0C9D3 /* History */,
				0C880A4E2A827DB600AC9052 /* ChatScreen */,
				0CE9A1F72A72C0C7009E099F /* Ship */,
				0CE9A1E62A71ACAF009E099F /* reusableViews */,
				0C276A4F2A6F13BE00786CF2 /* Flight */,
				0C276A4E2A6F138300786CF2 /* Electricity */,
				0C4D50A92A4CEA9400671E22 /* ViewModel */,
				0C097EEE2A62E539008EC12C /* SheetView.swift */,
				0C349F3E2A8131CE00534094 /* Launch Screen.storyboard */,
			);
			path = Screens;
			sourceTree = "<group>";
		};
		0C2108AB2A844CE300C0C9D3 /* History */ = {
			isa = PBXGroup;
			children = (
				0C2108AC2A844CFA00C0C9D3 /* HistoryScreen.swift */,
			);
			path = History;
			sourceTree = "<group>";
		};
		0C222AF82A749148003EB7AC /* Supabase */ = {
			isa = PBXGroup;
			children = (
				0C222AFD2A74A036003EB7AC /* Model */,
				0C222AF92A749177003EB7AC /* Supabase-Service.swift */,
				0C222AFB2A7491EF003EB7AC /* Utils.swift */,
				0C0F9A9D2ACB8CB80013F3FE /* SupaBaseImpl.swift */,
				0C32F7312ACCDD6200F3F92C /* MockSupabaseServiceImpl.swift */,
			);
			path = Supabase;
			sourceTree = "<group>";
		};
		0C222AFD2A74A036003EB7AC /* Model */ = {
			isa = PBXGroup;
			children = (
				0C222AFE2A74A050003EB7AC /* DataModel.swift */,
			);
			path = Model;
			sourceTree = "<group>";
		};
		0C276A4B2A6F0F6C00786CF2 /* Flight */ = {
			isa = PBXGroup;
			children = (
				0C276A4C2A6F0F8200786CF2 /* Flight_Req.swift */,
				0C276A5B2A6FF34900786CF2 /* Flight_Res.swift */,
			);
			path = Flight;
			sourceTree = "<group>";
		};
		0C276A4E2A6F138300786CF2 /* Electricity */ = {
			isa = PBXGroup;
			children = (
				0C1D1E292A3FC7F6008DC766 /* energy_screen.swift */,
				0C4D50AA2A4CEAC900671E22 /* energy_vm.swift */,
			);
			path = Electricity;
			sourceTree = "<group>";
		};
		0C276A4F2A6F13BE00786CF2 /* Flight */ = {
			isa = PBXGroup;
			children = (
				0C276A582A6FDE2B00786CF2 /* vm */,
				0C1D1E2B2A3FC805008DC766 /* flight_screen.swift */,
				0C276A502A6F1F4F00786CF2 /* Destination_Sheet.swift */,
				0C276A562A6FDBED00786CF2 /* Departure_sheet.swift */,
			);
			path = Flight;
			sourceTree = "<group>";
		};
		0C276A582A6FDE2B00786CF2 /* vm */ = {
			isa = PBXGroup;
			children = (
				0C276A592A6FDE4B00786CF2 /* view-model.swift */,
			);
			path = vm;
			sourceTree = "<group>";
		};
		0C32F72A2ACC126300F3F92C /* Usecase */ = {
			isa = PBXGroup;
			children = (
				0C32F72B2ACC128000F3F92C /* ApiUsecase.swift */,
				0C32F72D2ACC1A4500F3F92C /* SupabaseUsecase.swift */,
			);
			path = Usecase;
			sourceTree = "<group>";
		};
		0C32F7332ACCE38600F3F92C /* State */ = {
			isa = PBXGroup;
			children = (
				0C32F7342ACCE39200F3F92C /* ResultState.swift */,
			);
			path = State;
			sourceTree = "<group>";
		};
		0C4D509A2A4CACBF00671E22 /* DI */ = {
			isa = PBXGroup;
			children = (
				0C4D509B2A4CACD300671E22 /* Service.swift */,
				0C4D509D2A4CACEA00671E22 /* Service_Container.swift */,
			);
			path = DI;
			sourceTree = "<group>";
		};
		0C4D509F2A4CC72000671E22 /* domain */ = {
			isa = PBXGroup;
			children = (
				0C32F72A2ACC126300F3F92C /* Usecase */,
				0C0F9A9C2ACB8C630013F3FE /* SupabaseRepository */,
				0C4D50A02A4CC79300671E22 /* repository */,
			);
			path = domain;
			sourceTree = "<group>";
		};
		0C4D50A02A4CC79300671E22 /* repository */ = {
			isa = PBXGroup;
			children = (
				0C4D50A42A4CC82500671E22 /* http_repository_imp.swift */,
			);
			path = repository;
			sourceTree = "<group>";
		};
		0C4D50A62A4CD87700671E22 /* Utils */ = {
			isa = PBXGroup;
			children = (
				0C4D50A72A4CD88F00671E22 /* Json_Mapper.swift */,
			);
			path = Utils;
			sourceTree = "<group>";
		};
		0C4D50A92A4CEA9400671E22 /* ViewModel */ = {
			isa = PBXGroup;
			children = (
				0C222B002A74F3A1003EB7AC /* SupabaseVm.swift */,
			);
			path = ViewModel;
			sourceTree = "<group>";
		};
		0C4DF8D82A7A9E6500BA7579 /* maestro */ = {
			isa = PBXGroup;
			children = (
			);
			path = maestro;
			sourceTree = "<group>";
		};
		0C508A892AA38E2A00091D69 /* NetworkServiceMock */ = {
			isa = PBXGroup;
			children = (
				0C508A8A2AA38E4A00091D69 /* NetworkServiceMock.swift */,
			);
			path = NetworkServiceMock;
			sourceTree = "<group>";
		};
		0C54FC772A9F568A00AC1296 /* Navigation */ = {
			isa = PBXGroup;
			children = (
				0C54FC782A9F569E00AC1296 /* NavigationService.swift */,
				0CEA21E62AB0E1110098B4EB /* RouteView.swift */,
			);
			path = Navigation;
			sourceTree = "<group>";
		};
		0C5768642AA1641E00AE4FC0 /* Carbon_FusionUITests */ = {
			isa = PBXGroup;
			children = (
				0C57686E2AA164C700AE4FC0 /* HomeScreen */,
			);
			path = Carbon_FusionUITests;
			sourceTree = "<group>";
		};
		0C57686E2AA164C700AE4FC0 /* HomeScreen */ = {
			isa = PBXGroup;
			children = (
				0C5768712AA1651E00AE4FC0 /* HomeScreenUITest.swift */,
			);
			path = HomeScreen;
			sourceTree = "<group>";
		};
		0C5768732AA1685A00AE4FC0 /* UITesting */ = {
			isa = PBXGroup;
			children = (
				0C5768742AA1687300AE4FC0 /* UITestingHelper.swift */,
			);
			path = UITesting;
			sourceTree = "<group>";
		};
		0C589D412AA50C240018C79B /* Frameworks */ = {
			isa = PBXGroup;
			children = (
				0C589D422AA50C240018C79B /* WidgetKit.framework */,
				0C589D442AA50C240018C79B /* SwiftUI.framework */,
			);
			name = Frameworks;
			sourceTree = "<group>";
		};
		0C589D462AA50C240018C79B /* FusionWidget */ = {
			isa = PBXGroup;
			children = (
				0C589D472AA50C240018C79B /* FusionWidgetBundle.swift */,
				0C589D492AA50C240018C79B /* FusionWidgetLiveActivity.swift */,
				0C589D4B2AA50C240018C79B /* FusionWidget.swift */,
				0C589D4D2AA50C260018C79B /* Assets.xcassets */,
				0C589D4F2AA50C260018C79B /* Info.plist */,
				0C589D572AA550780018C79B /* Provider.swift */,
				0C589D592AA550CC0018C79B /* SimpleEntry.swift */,
				0C589D5B2AA5512D0018C79B /* FusionWidgetView.swift */,
				0C589D5D2AA5544F0018C79B /* WidgetMedium.swift */,
			);
			path = FusionWidget;
			sourceTree = "<group>";
		};
		0C880A4E2A827DB600AC9052 /* ChatScreen */ = {
			isa = PBXGroup;
			children = (
				0C880A4F2A827DDB00AC9052 /* ChatScreen.swift */,
			);
			path = ChatScreen;
			sourceTree = "<group>";
		};
		0C8AF9512A1EAECA00A5202D /* Url */ = {
			isa = PBXGroup;
			children = (
				0C8AF9522A1EAEE700A5202D /* app_url.swift */,
			);
			path = Url;
			sourceTree = "<group>";
		};
		0C8AF9542A1EAF1500A5202D /* endpoint */ = {
			isa = PBXGroup;
			children = (
				0C8AF9552A1EAF2C00A5202D /* endpoint.swift */,
			);
			path = endpoint;
			sourceTree = "<group>";
		};
		0C8AF9572A1ED1FF00A5202D /* Model */ = {
			isa = PBXGroup;
			children = (
				0CE9A1F22A72B0A2009E099F /* Ship */,
				0C276A4B2A6F0F6C00786CF2 /* Flight */,
				0CA87DD52A64C19B0092EEDC /* Vehicle */,
				0CA87DD42A64C1840092EEDC /* Electricity */,
				0C1823522A5A1CCF00272CAF /* StateModel.swift */,
				0C276A492A6EFB1200786CF2 /* IataCode.swift */,
			);
			path = Model;
			sourceTree = "<group>";
		};
		0CA87DD42A64C1840092EEDC /* Electricity */ = {
			isa = PBXGroup;
			children = (
				0C8AF9582A1ED21300A5202D /* Electricity_Response.swift */,
				0CAB7CCD2A211FB70016BEDA /* Electricity_req.swift */,
			);
			path = Electricity;
			sourceTree = "<group>";
		};
		0CA87DD52A64C19B0092EEDC /* Vehicle */ = {
			isa = PBXGroup;
			children = (
				0CA87DD62A64C1B30092EEDC /* Vehicle_response.swift */,
				0CA87DD82A64CEA30092EEDC /* Vehicle_req.swift */,
				0C7F0C852A65F19F007244F1 /* Vehicles.swift */,
			);
			path = Vehicle;
			sourceTree = "<group>";
		};
		0CC1EDF22A369D0100B83569 /* Font */ = {
			isa = PBXGroup;
			children = (
				0CC1EDF32A369D5000B83569 /* ClimateCrisis-Regular.ttf */,
				0CC1EDF52A369D6600B83569 /* LuckiestGuy-Regular.ttf */,
				0CC1EDF82A36A1B800B83569 /* fonts.swift */,
			);
			path = Font;
			sourceTree = "<group>";
		};
		0CD22C292A897C70006BA67D /* Carbon_FusionTests */ = {
			isa = PBXGroup;
			children = (
				0C07823C2AA246B200FEE9F9 /* Supabase */,
				0C18DFF82A8AC61C00417A7D /* Repository */,
				0C18DFF52A8A8D5100417A7D /* NetworkService */,
				0C18DFF22A8A8BB800417A7D /* Mocks */,
				0CD22C2A2A897C70006BA67D /* Carbon_FusionTests.swift */,
			);
			path = Carbon_FusionTests;
			sourceTree = "<group>";
		};
		0CE3971D2A4F4D2F008482CF /* Utils */ = {
			isa = PBXGroup;
			children = (
				0CE3971E2A4F4D58008482CF /* extensions.swift */,
				0C4980C42A674D3400174DFD /* KeyboardUtil.swift */,
			);
			path = Utils;
			sourceTree = "<group>";
		};
		0CE9A1E62A71ACAF009E099F /* reusableViews */ = {
			isa = PBXGroup;
			children = (
				0CE9A1E72A71ACD3009E099F /* BackButton.swift */,
				0CE9A1E92A71AD62009E099F /* Descriptions.swift */,
				0CE9A1EB2A71AFC9009E099F /* CircleView.swift */,
				0CE9A1ED2A71CEAD009E099F /* AppButton.swift */,
			);
			path = reusableViews;
			sourceTree = "<group>";
		};
		0CE9A1EF2A72AE1C009E099F /* Errors */ = {
			isa = PBXGroup;
			children = (
				0CE9A1F02A72AE30009E099F /* Errors.swift */,
			);
			path = Errors;
			sourceTree = "<group>";
		};
		0CE9A1F22A72B0A2009E099F /* Ship */ = {
			isa = PBXGroup;
			children = (
				0CE9A1F32A72B0D2009E099F /* Ship_response.swift */,
				0CE9A1F52A72B733009E099F /* Ship_req.swift */,
			);
			path = Ship;
			sourceTree = "<group>";
		};
		0CE9A1F72A72C0C7009E099F /* Ship */ = {
			isa = PBXGroup;
			children = (
				0CE9A1FA2A72C12C009E099F /* vm */,
				0CE9A1F82A72C0DE009E099F /* Ship_screen.swift */,
			);
			path = Ship;
			sourceTree = "<group>";
		};
		0CE9A1FA2A72C12C009E099F /* vm */ = {
			isa = PBXGroup;
			children = (
				0CE9A1FB2A72C167009E099F /* ship_vm.swift */,
			);
			path = vm;
			sourceTree = "<group>";
		};
		0CF8DC1D2A1439F30035A545 = {
			isa = PBXGroup;
			children = (
				0CF8DC282A1439F30035A545 /* Carbon_Fusion */,
				0CD22C292A897C70006BA67D /* Carbon_FusionTests */,
				0C5768642AA1641E00AE4FC0 /* Carbon_FusionUITests */,
				0C589D462AA50C240018C79B /* FusionWidget */,
				0C589D412AA50C240018C79B /* Frameworks */,
				0CF8DC272A1439F30035A545 /* Products */,
			);
			sourceTree = "<group>";
		};
		0CF8DC272A1439F30035A545 /* Products */ = {
			isa = PBXGroup;
			children = (
				0CF8DC262A1439F30035A545 /* Carbon_Fusion.app */,
				0CD22C282A897C70006BA67D /* Carbon_FusionTests.xctest */,
				0C5768632AA1641E00AE4FC0 /* Carbon_FusionUITests.xctest */,
				0C589D402AA50C240018C79B /* FusionWidgetExtension.appex */,
			);
			name = Products;
			sourceTree = "<group>";
		};
		0CF8DC282A1439F30035A545 /* Carbon_Fusion */ = {
			isa = PBXGroup;
			children = (
				0C0F9A982ACB89660013F3FE /* Core */,
				0C5768732AA1685A00AE4FC0 /* UITesting */,
				0C54FC772A9F568A00AC1296 /* Navigation */,
				0C4DF8D82A7A9E6500BA7579 /* maestro */,
				0C1D1E282A3FC7D8008DC766 /* Screens */,
				0CE3971D2A4F4D2F008482CF /* Utils */,
				0C4D509F2A4CC72000671E22 /* domain */,
				0CC1EDF72A36A0FE00B83569 /* Carbon-Fusion-Info.plist */,
				0C0782402AA28EDB00FEE9F9 /* Mocks */,
				0CC1EDF22A369D0100B83569 /* Font */,
				0CF8DC372A143D7E0035A545 /* Data */,
				0CF8DC292A1439F30035A545 /* Carbon_FusionApp.swift */,
				0CF8DC2B2A1439F30035A545 /* ContentView.swift */,
				0CF8DC2D2A1439F40035A545 /* Assets.xcassets */,
				0CF8DC2F2A1439F40035A545 /* Preview Content */,
				0CEA21E42AB0E0B80098B4EB /* MainRoute.swift */,
			);
			path = Carbon_Fusion;
			sourceTree = "<group>";
		};
		0CF8DC2F2A1439F40035A545 /* Preview Content */ = {
			isa = PBXGroup;
			children = (
				0C276A542A6F3DF900786CF2 /* iataCode.json */,
				0CA607362A5AA19E00A48E8C /* unitedState.json */,
				0CF8DC302A1439F40035A545 /* Preview Assets.xcassets */,
			);
			path = "Preview Content";
			sourceTree = "<group>";
		};
		0CF8DC372A143D7E0035A545 /* Data */ = {
			isa = PBXGroup;
			children = (
				0C0F9A992ACB898B0013F3FE /* Api */,
				0C222AF82A749148003EB7AC /* Supabase */,
				0C4D50A62A4CD87700671E22 /* Utils */,
				0C8AF9572A1ED1FF00A5202D /* Model */,
			);
			path = Data;
			sourceTree = "<group>";
		};
		0CF8DC382A143D8B0035A545 /* Network */ = {
			isa = PBXGroup;
			children = (
				0C8AF9542A1EAF1500A5202D /* endpoint */,
				0C8AF9512A1EAECA00A5202D /* Url */,
				0C7F0C872A660149007244F1 /* Network_service.swift */,
			);
			path = Network;
			sourceTree = "<group>";
		};
/* End PBXGroup section */

/* Begin PBXNativeTarget section */
		0C5768622AA1641E00AE4FC0 /* Carbon_FusionUITests */ = {
			isa = PBXNativeTarget;
			buildConfigurationList = 0C57686D2AA1641E00AE4FC0 /* Build configuration list for PBXNativeTarget "Carbon_FusionUITests" */;
			buildPhases = (
				0C57685F2AA1641E00AE4FC0 /* Sources */,
				0C5768602AA1641E00AE4FC0 /* Frameworks */,
				0C5768612AA1641E00AE4FC0 /* Resources */,
			);
			buildRules = (
			);
			dependencies = (
				0C57686A2AA1641E00AE4FC0 /* PBXTargetDependency */,
			);
			name = Carbon_FusionUITests;
			productName = Carbon_FusionUITests;
			productReference = 0C5768632AA1641E00AE4FC0 /* Carbon_FusionUITests.xctest */;
			productType = "com.apple.product-type.bundle.ui-testing";
		};
		0C589D3F2AA50C240018C79B /* FusionWidgetExtension */ = {
			isa = PBXNativeTarget;
			buildConfigurationList = 0C589D562AA50C260018C79B /* Build configuration list for PBXNativeTarget "FusionWidgetExtension" */;
			buildPhases = (
				0C589D3C2AA50C240018C79B /* Sources */,
				0C589D3D2AA50C240018C79B /* Frameworks */,
				0C589D3E2AA50C240018C79B /* Resources */,
			);
			buildRules = (
			);
			dependencies = (
			);
			name = FusionWidgetExtension;
			packageProductDependencies = (
				0C1ECA012AA5F95800EDB92A /* Supabase */,
			);
			productName = FusionWidgetExtension;
			productReference = 0C589D402AA50C240018C79B /* FusionWidgetExtension.appex */;
			productType = "com.apple.product-type.app-extension";
		};
		0CD22C272A897C70006BA67D /* Carbon_FusionTests */ = {
			isa = PBXNativeTarget;
			buildConfigurationList = 0CD22C302A897C70006BA67D /* Build configuration list for PBXNativeTarget "Carbon_FusionTests" */;
			buildPhases = (
				0CD22C242A897C70006BA67D /* Sources */,
				0CD22C252A897C70006BA67D /* Frameworks */,
				0CD22C262A897C70006BA67D /* Resources */,
			);
			buildRules = (
			);
			dependencies = (
				0CD22C2D2A897C70006BA67D /* PBXTargetDependency */,
			);
			name = Carbon_FusionTests;
			productName = Carbon_FusionTests;
			productReference = 0CD22C282A897C70006BA67D /* Carbon_FusionTests.xctest */;
			productType = "com.apple.product-type.bundle.unit-test";
		};
		0CF8DC252A1439F30035A545 /* Carbon_Fusion */ = {
			isa = PBXNativeTarget;
			buildConfigurationList = 0CF8DC342A1439F40035A545 /* Build configuration list for PBXNativeTarget "Carbon_Fusion" */;
			buildPhases = (
				0CF8DC222A1439F30035A545 /* Sources */,
				0CF8DC232A1439F30035A545 /* Frameworks */,
				0CF8DC242A1439F30035A545 /* Resources */,
				0CB366852A968E5B004A432C /* Embed Watch Content */,
				0C589D532AA50C260018C79B /* Embed Foundation Extensions */,
			);
			buildRules = (
			);
			dependencies = (
				0C589D512AA50C260018C79B /* PBXTargetDependency */,
			);
			name = Carbon_Fusion;
			packageProductDependencies = (
				0C5768772AA1717800AE4FC0 /* Supabase */,
			);
			productName = Carbon_Fusion;
			productReference = 0CF8DC262A1439F30035A545 /* Carbon_Fusion.app */;
			productType = "com.apple.product-type.application";
		};
/* End PBXNativeTarget section */

/* Begin PBXProject section */
		0CF8DC1E2A1439F30035A545 /* Project object */ = {
			isa = PBXProject;
			attributes = {
				BuildIndependentTargetsInParallel = 1;
				LastSwiftUpdateCheck = 1430;
				LastUpgradeCheck = 1430;
				TargetAttributes = {
					0C5768622AA1641E00AE4FC0 = {
						CreatedOnToolsVersion = 14.3;
						TestTargetID = 0CF8DC252A1439F30035A545;
					};
					0C589D3F2AA50C240018C79B = {
						CreatedOnToolsVersion = 14.3;
					};
					0CD22C272A897C70006BA67D = {
						CreatedOnToolsVersion = 14.3;
						TestTargetID = 0CF8DC252A1439F30035A545;
					};
					0CF8DC252A1439F30035A545 = {
						CreatedOnToolsVersion = 14.3;
					};
				};
			};
			buildConfigurationList = 0CF8DC212A1439F30035A545 /* Build configuration list for PBXProject "Carbon_Fusion" */;
			compatibilityVersion = "Xcode 14.0";
			developmentRegion = en;
			hasScannedForEncodings = 0;
			knownRegions = (
				en,
				Base,
			);
			mainGroup = 0CF8DC1D2A1439F30035A545;
			packageReferences = (
				0C5768762AA1717800AE4FC0 /* XCRemoteSwiftPackageReference "supabase-swift" */,
			);
			productRefGroup = 0CF8DC272A1439F30035A545 /* Products */;
			projectDirPath = "";
			projectRoot = "";
			targets = (
				0CF8DC252A1439F30035A545 /* Carbon_Fusion */,
				0CD22C272A897C70006BA67D /* Carbon_FusionTests */,
				0C5768622AA1641E00AE4FC0 /* Carbon_FusionUITests */,
				0C589D3F2AA50C240018C79B /* FusionWidgetExtension */,
			);
		};
/* End PBXProject section */

/* Begin PBXResourcesBuildPhase section */
		0C5768612AA1641E00AE4FC0 /* Resources */ = {
			isa = PBXResourcesBuildPhase;
			buildActionMask = 2147483647;
			files = (
			);
			runOnlyForDeploymentPostprocessing = 0;
		};
		0C589D3E2AA50C240018C79B /* Resources */ = {
			isa = PBXResourcesBuildPhase;
			buildActionMask = 2147483647;
			files = (
				0C589D4E2AA50C260018C79B /* Assets.xcassets in Resources */,
			);
			runOnlyForDeploymentPostprocessing = 0;
		};
		0CD22C262A897C70006BA67D /* Resources */ = {
			isa = PBXResourcesBuildPhase;
			buildActionMask = 2147483647;
			files = (
			);
			runOnlyForDeploymentPostprocessing = 0;
		};
		0CF8DC242A1439F30035A545 /* Resources */ = {
			isa = PBXResourcesBuildPhase;
			buildActionMask = 2147483647;
			files = (
				0CC1EDF42A369D5000B83569 /* ClimateCrisis-Regular.ttf in Resources */,
				0CF8DC312A1439F40035A545 /* Preview Assets.xcassets in Resources */,
				0C349F3F2A8131CE00534094 /* Launch Screen.storyboard in Resources */,
				0CF8DC2E2A1439F40035A545 /* Assets.xcassets in Resources */,
				0C276A552A6F3DF900786CF2 /* iataCode.json in Resources */,
				0CA607372A5AA19E00A48E8C /* unitedState.json in Resources */,
				0CC1EDF62A369D6600B83569 /* LuckiestGuy-Regular.ttf in Resources */,
			);
			runOnlyForDeploymentPostprocessing = 0;
		};
/* End PBXResourcesBuildPhase section */

/* Begin PBXSourcesBuildPhase section */
		0C57685F2AA1641E00AE4FC0 /* Sources */ = {
			isa = PBXSourcesBuildPhase;
			buildActionMask = 2147483647;
			files = (
				0C5768722AA1651E00AE4FC0 /* HomeScreenUITest.swift in Sources */,
			);
			runOnlyForDeploymentPostprocessing = 0;
		};
		0C589D3C2AA50C240018C79B /* Sources */ = {
			isa = PBXSourcesBuildPhase;
			buildActionMask = 2147483647;
			files = (
				0C589D5E2AA5544F0018C79B /* WidgetMedium.swift in Sources */,
				0C589D582AA550780018C79B /* Provider.swift in Sources */,
				0C589D4A2AA50C240018C79B /* FusionWidgetLiveActivity.swift in Sources */,
				0C589D482AA50C240018C79B /* FusionWidgetBundle.swift in Sources */,
				0C589D5A2AA550CC0018C79B /* SimpleEntry.swift in Sources */,
				0C1EC9F52AA5F49700EDB92A /* Utils.swift in Sources */,
				0C1EC9F32AA5E41300EDB92A /* DataModel.swift in Sources */,
				0C1ECA032AA60E2500EDB92A /* extensions.swift in Sources */,
				0C1EC9F62AA5F4BE00EDB92A /* Service.swift in Sources */,
				0C1EC9F72AA5F57C00EDB92A /* Service_Container.swift in Sources */,
				0C589D5C2AA5512D0018C79B /* FusionWidgetView.swift in Sources */,
				0C589D4C2AA50C240018C79B /* FusionWidget.swift in Sources */,
				0C1EC9FD2AA5F7E900EDB92A /* Supabase-Service.swift in Sources */,
			);
			runOnlyForDeploymentPostprocessing = 0;
		};
		0CD22C242A897C70006BA67D /* Sources */ = {
			isa = PBXSourcesBuildPhase;
			buildActionMask = 2147483647;
			files = (
				0C18DFFB2A8AC66300417A7D /* RepositoryImpTest.swift in Sources */,
				0C18DFF72A8A8D7D00417A7D /* NetworkServiceTest.swift in Sources */,
				0C18DFF42A8A8BE700417A7D /* MockURLSessionProtocol.swift in Sources */,
				0C0782472AA2B5DB00FEE9F9 /* SupbaseRepositorySuccessTest.swift in Sources */,
				0C07823F2AA246E300FEE9F9 /* SupabaseSuccessService.swift in Sources */,
				0CD22C2B2A897C70006BA67D /* Carbon_FusionTests.swift in Sources */,
			);
			runOnlyForDeploymentPostprocessing = 0;
		};
		0CF8DC222A1439F30035A545 /* Sources */ = {
			isa = PBXSourcesBuildPhase;
			buildActionMask = 2147483647;
			files = (
				0C222AFF2A74A050003EB7AC /* DataModel.swift in Sources */,
				0CC1EDF92A36A1B800B83569 /* fonts.swift in Sources */,
				0C0F9A9B2ACB89AD0013F3FE /* Api-Impl.swift in Sources */,
				0CE9A1E82A71ACD3009E099F /* BackButton.swift in Sources */,
				0CE9A1EE2A71CEAD009E099F /* AppButton.swift in Sources */,
				0C508A882AA3718000091D69 /* SupabaseFailureMock.swift in Sources */,
				0CE3971F2A4F4D58008482CF /* extensions.swift in Sources */,
				0C0F9A972ACB87210013F3FE /* ApiService.swift in Sources */,
				0C4D509E2A4CACEA00671E22 /* Service_Container.swift in Sources */,
				0CE9A1F92A72C0DE009E099F /* Ship_screen.swift in Sources */,
				0C276A512A6F1F4F00786CF2 /* Destination_Sheet.swift in Sources */,
				0CF8DC2C2A1439F30035A545 /* ContentView.swift in Sources */,
				0C32F7322ACCDD6200F3F92C /* MockSupabaseServiceImpl.swift in Sources */,
				0C508A8B2AA38E4A00091D69 /* NetworkServiceMock.swift in Sources */,
				0C7F0C862A65F19F007244F1 /* Vehicles.swift in Sources */,
				0C54FC792A9F569E00AC1296 /* NavigationService.swift in Sources */,
				0CAB7CCE2A211FB70016BEDA /* Electricity_req.swift in Sources */,
				0CEA21E72AB0E1110098B4EB /* RouteView.swift in Sources */,
				0C2108AD2A844CFA00C0C9D3 /* HistoryScreen.swift in Sources */,
				0C0F9A952ACB86F70013F3FE /* SupaBaseRepository.swift in Sources */,
				0CA87DD92A64CEA30092EEDC /* Vehicle_req.swift in Sources */,
				0C32F72E2ACC1A4500F3F92C /* SupabaseUsecase.swift in Sources */,
				0CE9A1F42A72B0D2009E099F /* Ship_response.swift in Sources */,
				0C880A502A827DDB00AC9052 /* ChatScreen.swift in Sources */,
				0C1D1E2C2A3FC805008DC766 /* flight_screen.swift in Sources */,
				0C32F72C2ACC128000F3F92C /* ApiUsecase.swift in Sources */,
				0C1823532A5A1CCF00272CAF /* StateModel.swift in Sources */,
				0C276A4A2A6EFB1200786CF2 /* IataCode.swift in Sources */,
				0C222AFC2A7491EF003EB7AC /* Utils.swift in Sources */,
				0CE9A1F62A72B733009E099F /* Ship_req.swift in Sources */,
				0C4D50AB2A4CEAC900671E22 /* energy_vm.swift in Sources */,
				0C276A572A6FDBED00786CF2 /* Departure_sheet.swift in Sources */,
				0C32F7352ACCE39200F3F92C /* ResultState.swift in Sources */,
				0C5768752AA1687300AE4FC0 /* UITestingHelper.swift in Sources */,
				0C508A872AA3717600091D69 /* SupbaseSuccessMock.swift in Sources */,
				0C276A4D2A6F0F8200786CF2 /* Flight_Req.swift in Sources */,
				0C4980C52A674D3400174DFD /* KeyboardUtil.swift in Sources */,
				0CE9A1FC2A72C167009E099F /* ship_vm.swift in Sources */,
				0C4D509C2A4CACD300671E22 /* Service.swift in Sources */,
				0C276A5C2A6FF34900786CF2 /* Flight_Res.swift in Sources */,
				0C276A5A2A6FDE4B00786CF2 /* view-model.swift in Sources */,
				0C0F9A9E2ACB8CB80013F3FE /* SupaBaseImpl.swift in Sources */,
				0C32F7302ACC82BB00F3F92C /* MockApiImpl.swift in Sources */,
				0CF8DC2A2A1439F30035A545 /* Carbon_FusionApp.swift in Sources */,
				0C8AF9532A1EAEE700A5202D /* app_url.swift in Sources */,
				0C1D1E2A2A3FC7F6008DC766 /* energy_screen.swift in Sources */,
				0CE9A1EC2A71AFC9009E099F /* CircleView.swift in Sources */,
				0C4D50A52A4CC82500671E22 /* http_repository_imp.swift in Sources */,
				0C222B012A74F3A1003EB7AC /* SupabaseVm.swift in Sources */,
				0C222AFA2A749177003EB7AC /* Supabase-Service.swift in Sources */,
				0CE9A1F12A72AE30009E099F /* Errors.swift in Sources */,
				0C7F0C882A660149007244F1 /* Network_service.swift in Sources */,
				0C4D50A82A4CD88F00671E22 /* Json_Mapper.swift in Sources */,
				0C508A862AA3715F00091D69 /* MockSupabaseRepository.swift in Sources */,
				0CEA21E52AB0E0B80098B4EB /* MainRoute.swift in Sources */,
				0C097EEF2A62E539008EC12C /* SheetView.swift in Sources */,
				0C8AF9592A1ED21300A5202D /* Electricity_Response.swift in Sources */,
				0CA87DD72A64C1B30092EEDC /* Vehicle_response.swift in Sources */,
				0CE9A1EA2A71AD62009E099F /* Descriptions.swift in Sources */,
				0C8AF9562A1EAF2C00A5202D /* endpoint.swift in Sources */,
			);
			runOnlyForDeploymentPostprocessing = 0;
		};
/* End PBXSourcesBuildPhase section */

/* Begin PBXTargetDependency section */
		0C57686A2AA1641E00AE4FC0 /* PBXTargetDependency */ = {
			isa = PBXTargetDependency;
			target = 0CF8DC252A1439F30035A545 /* Carbon_Fusion */;
			targetProxy = 0C5768692AA1641E00AE4FC0 /* PBXContainerItemProxy */;
		};
		0C589D512AA50C260018C79B /* PBXTargetDependency */ = {
			isa = PBXTargetDependency;
			target = 0C589D3F2AA50C240018C79B /* FusionWidgetExtension */;
			targetProxy = 0C589D502AA50C260018C79B /* PBXContainerItemProxy */;
		};
		0CD22C2D2A897C70006BA67D /* PBXTargetDependency */ = {
			isa = PBXTargetDependency;
			target = 0CF8DC252A1439F30035A545 /* Carbon_Fusion */;
			targetProxy = 0CD22C2C2A897C70006BA67D /* PBXContainerItemProxy */;
		};
/* End PBXTargetDependency section */

/* Begin XCBuildConfiguration section */
		0C57686B2AA1641E00AE4FC0 /* Debug */ = {
			isa = XCBuildConfiguration;
			buildSettings = {
				CODE_SIGN_STYLE = Automatic;
				CURRENT_PROJECT_VERSION = 1;
				DEVELOPMENT_TEAM = ABK2TMF98V;
				GENERATE_INFOPLIST_FILE = YES;
				IPHONEOS_DEPLOYMENT_TARGET = 16.4;
				MACOSX_DEPLOYMENT_TARGET = 13.3;
				MARKETING_VERSION = 1.0;
				PRODUCT_BUNDLE_IDENTIFIER = "com.david.Carbon-FusionUITests";
				PRODUCT_NAME = "$(TARGET_NAME)";
				SDKROOT = auto;
				SUPPORTED_PLATFORMS = "iphoneos iphonesimulator macosx";
				SWIFT_EMIT_LOC_STRINGS = NO;
				SWIFT_VERSION = 5.0;
				TARGETED_DEVICE_FAMILY = "1,2";
				TEST_TARGET_NAME = Carbon_Fusion;
			};
			name = Debug;
		};
		0C57686C2AA1641E00AE4FC0 /* Release */ = {
			isa = XCBuildConfiguration;
			buildSettings = {
				CODE_SIGN_STYLE = Automatic;
				CURRENT_PROJECT_VERSION = 1;
				DEVELOPMENT_TEAM = ABK2TMF98V;
				GENERATE_INFOPLIST_FILE = YES;
				IPHONEOS_DEPLOYMENT_TARGET = 16.4;
				MACOSX_DEPLOYMENT_TARGET = 13.3;
				MARKETING_VERSION = 1.0;
				PRODUCT_BUNDLE_IDENTIFIER = "com.david.Carbon-FusionUITests";
				PRODUCT_NAME = "$(TARGET_NAME)";
				SDKROOT = auto;
				SUPPORTED_PLATFORMS = "iphoneos iphonesimulator macosx";
				SWIFT_EMIT_LOC_STRINGS = NO;
				SWIFT_VERSION = 5.0;
				TARGETED_DEVICE_FAMILY = "1,2";
				TEST_TARGET_NAME = Carbon_Fusion;
			};
			name = Release;
		};
		0C589D542AA50C260018C79B /* Debug */ = {
			isa = XCBuildConfiguration;
			buildSettings = {
				ASSETCATALOG_COMPILER_GLOBAL_ACCENT_COLOR_NAME = AccentColor;
				ASSETCATALOG_COMPILER_WIDGET_BACKGROUND_COLOR_NAME = WidgetBackground;
				CODE_SIGN_STYLE = Automatic;
				CURRENT_PROJECT_VERSION = 1;
				DEVELOPMENT_TEAM = ABK2TMF98V;
				GENERATE_INFOPLIST_FILE = YES;
				INFOPLIST_FILE = FusionWidget/Info.plist;
				INFOPLIST_KEY_CFBundleDisplayName = FusionWidget;
				INFOPLIST_KEY_NSHumanReadableCopyright = "";
				LD_RUNPATH_SEARCH_PATHS = (
					"$(inherited)",
					"@executable_path/Frameworks",
					"@executable_path/../../Frameworks",
				);
				MARKETING_VERSION = 1.0;
				PRODUCT_BUNDLE_IDENTIFIER = "com.david.Carbon-Fusion.FusionWidget";
				PRODUCT_NAME = "$(TARGET_NAME)";
				SKIP_INSTALL = YES;
				SWIFT_EMIT_LOC_STRINGS = YES;
				SWIFT_VERSION = 5.0;
				TARGETED_DEVICE_FAMILY = "1,2";
			};
			name = Debug;
		};
		0C589D552AA50C260018C79B /* Release */ = {
			isa = XCBuildConfiguration;
			buildSettings = {
				ASSETCATALOG_COMPILER_GLOBAL_ACCENT_COLOR_NAME = AccentColor;
				ASSETCATALOG_COMPILER_WIDGET_BACKGROUND_COLOR_NAME = WidgetBackground;
				CODE_SIGN_STYLE = Automatic;
				CURRENT_PROJECT_VERSION = 1;
				DEVELOPMENT_TEAM = ABK2TMF98V;
				GENERATE_INFOPLIST_FILE = YES;
				INFOPLIST_FILE = FusionWidget/Info.plist;
				INFOPLIST_KEY_CFBundleDisplayName = FusionWidget;
				INFOPLIST_KEY_NSHumanReadableCopyright = "";
				LD_RUNPATH_SEARCH_PATHS = (
					"$(inherited)",
					"@executable_path/Frameworks",
					"@executable_path/../../Frameworks",
				);
				MARKETING_VERSION = 1.0;
				PRODUCT_BUNDLE_IDENTIFIER = "com.david.Carbon-Fusion.FusionWidget";
				PRODUCT_NAME = "$(TARGET_NAME)";
				SKIP_INSTALL = YES;
				SWIFT_EMIT_LOC_STRINGS = YES;
				SWIFT_VERSION = 5.0;
				TARGETED_DEVICE_FAMILY = "1,2";
			};
			name = Release;
		};
		0CD22C2E2A897C70006BA67D /* Debug */ = {
			isa = XCBuildConfiguration;
			buildSettings = {
				BUNDLE_LOADER = "$(TEST_HOST)";
				CODE_SIGN_STYLE = Automatic;
				CURRENT_PROJECT_VERSION = 1;
				DEVELOPMENT_TEAM = ABK2TMF98V;
				GENERATE_INFOPLIST_FILE = YES;
				MARKETING_VERSION = 1.0;
				PRODUCT_BUNDLE_IDENTIFIER = "com.david.Carbon-FusionTests";
				PRODUCT_NAME = "$(TARGET_NAME)";
				SWIFT_EMIT_LOC_STRINGS = NO;
				SWIFT_VERSION = 5.0;
				TARGETED_DEVICE_FAMILY = "1,2";
				TEST_HOST = "$(BUILT_PRODUCTS_DIR)/Carbon_Fusion.app/$(BUNDLE_EXECUTABLE_FOLDER_PATH)/Carbon_Fusion";
			};
			name = Debug;
		};
		0CD22C2F2A897C70006BA67D /* Release */ = {
			isa = XCBuildConfiguration;
			buildSettings = {
				BUNDLE_LOADER = "$(TEST_HOST)";
				CODE_SIGN_STYLE = Automatic;
				CURRENT_PROJECT_VERSION = 1;
				DEVELOPMENT_TEAM = ABK2TMF98V;
				GENERATE_INFOPLIST_FILE = YES;
				MARKETING_VERSION = 1.0;
				PRODUCT_BUNDLE_IDENTIFIER = "com.david.Carbon-FusionTests";
				PRODUCT_NAME = "$(TARGET_NAME)";
				SWIFT_EMIT_LOC_STRINGS = NO;
				SWIFT_VERSION = 5.0;
				TARGETED_DEVICE_FAMILY = "1,2";
				TEST_HOST = "$(BUILT_PRODUCTS_DIR)/Carbon_Fusion.app/$(BUNDLE_EXECUTABLE_FOLDER_PATH)/Carbon_Fusion";
			};
			name = Release;
		};
		0CF8DC322A1439F40035A545 /* Debug */ = {
			isa = XCBuildConfiguration;
			buildSettings = {
				ALWAYS_SEARCH_USER_PATHS = NO;
				CLANG_ANALYZER_NONNULL = YES;
				CLANG_ANALYZER_NUMBER_OBJECT_CONVERSION = YES_AGGRESSIVE;
				CLANG_CXX_LANGUAGE_STANDARD = "gnu++20";
				CLANG_ENABLE_MODULES = YES;
				CLANG_ENABLE_OBJC_ARC = YES;
				CLANG_ENABLE_OBJC_WEAK = YES;
				CLANG_WARN_BLOCK_CAPTURE_AUTORELEASING = YES;
				CLANG_WARN_BOOL_CONVERSION = YES;
				CLANG_WARN_COMMA = YES;
				CLANG_WARN_CONSTANT_CONVERSION = YES;
				CLANG_WARN_DEPRECATED_OBJC_IMPLEMENTATIONS = YES;
				CLANG_WARN_DIRECT_OBJC_ISA_USAGE = YES_ERROR;
				CLANG_WARN_DOCUMENTATION_COMMENTS = YES;
				CLANG_WARN_EMPTY_BODY = YES;
				CLANG_WARN_ENUM_CONVERSION = YES;
				CLANG_WARN_INFINITE_RECURSION = YES;
				CLANG_WARN_INT_CONVERSION = YES;
				CLANG_WARN_NON_LITERAL_NULL_CONVERSION = YES;
				CLANG_WARN_OBJC_IMPLICIT_RETAIN_SELF = YES;
				CLANG_WARN_OBJC_LITERAL_CONVERSION = YES;
				CLANG_WARN_OBJC_ROOT_CLASS = YES_ERROR;
				CLANG_WARN_QUOTED_INCLUDE_IN_FRAMEWORK_HEADER = YES;
				CLANG_WARN_RANGE_LOOP_ANALYSIS = YES;
				CLANG_WARN_STRICT_PROTOTYPES = YES;
				CLANG_WARN_SUSPICIOUS_MOVE = YES;
				CLANG_WARN_UNGUARDED_AVAILABILITY = YES_AGGRESSIVE;
				CLANG_WARN_UNREACHABLE_CODE = YES;
				CLANG_WARN__DUPLICATE_METHOD_MATCH = YES;
				COPY_PHASE_STRIP = NO;
				DEBUG_INFORMATION_FORMAT = dwarf;
				ENABLE_STRICT_OBJC_MSGSEND = YES;
				ENABLE_TESTABILITY = YES;
				GCC_C_LANGUAGE_STANDARD = gnu11;
				GCC_DYNAMIC_NO_PIC = NO;
				GCC_NO_COMMON_BLOCKS = YES;
				GCC_OPTIMIZATION_LEVEL = 0;
				GCC_PREPROCESSOR_DEFINITIONS = (
					"DEBUG=1",
					"$(inherited)",
				);
				GCC_WARN_64_TO_32_BIT_CONVERSION = YES;
				GCC_WARN_ABOUT_RETURN_TYPE = YES_ERROR;
				GCC_WARN_UNDECLARED_SELECTOR = YES;
				GCC_WARN_UNINITIALIZED_AUTOS = YES_AGGRESSIVE;
				GCC_WARN_UNUSED_FUNCTION = YES;
				GCC_WARN_UNUSED_VARIABLE = YES;
				IPHONEOS_DEPLOYMENT_TARGET = 16.4;
				MTL_ENABLE_DEBUG_INFO = INCLUDE_SOURCE;
				MTL_FAST_MATH = YES;
				ONLY_ACTIVE_ARCH = YES;
				SDKROOT = iphoneos;
				SWIFT_ACTIVE_COMPILATION_CONDITIONS = DEBUG;
				SWIFT_OPTIMIZATION_LEVEL = "-Onone";
			};
			name = Debug;
		};
		0CF8DC332A1439F40035A545 /* Release */ = {
			isa = XCBuildConfiguration;
			buildSettings = {
				ALWAYS_SEARCH_USER_PATHS = NO;
				CLANG_ANALYZER_NONNULL = YES;
				CLANG_ANALYZER_NUMBER_OBJECT_CONVERSION = YES_AGGRESSIVE;
				CLANG_CXX_LANGUAGE_STANDARD = "gnu++20";
				CLANG_ENABLE_MODULES = YES;
				CLANG_ENABLE_OBJC_ARC = YES;
				CLANG_ENABLE_OBJC_WEAK = YES;
				CLANG_WARN_BLOCK_CAPTURE_AUTORELEASING = YES;
				CLANG_WARN_BOOL_CONVERSION = YES;
				CLANG_WARN_COMMA = YES;
				CLANG_WARN_CONSTANT_CONVERSION = YES;
				CLANG_WARN_DEPRECATED_OBJC_IMPLEMENTATIONS = YES;
				CLANG_WARN_DIRECT_OBJC_ISA_USAGE = YES_ERROR;
				CLANG_WARN_DOCUMENTATION_COMMENTS = YES;
				CLANG_WARN_EMPTY_BODY = YES;
				CLANG_WARN_ENUM_CONVERSION = YES;
				CLANG_WARN_INFINITE_RECURSION = YES;
				CLANG_WARN_INT_CONVERSION = YES;
				CLANG_WARN_NON_LITERAL_NULL_CONVERSION = YES;
				CLANG_WARN_OBJC_IMPLICIT_RETAIN_SELF = YES;
				CLANG_WARN_OBJC_LITERAL_CONVERSION = YES;
				CLANG_WARN_OBJC_ROOT_CLASS = YES_ERROR;
				CLANG_WARN_QUOTED_INCLUDE_IN_FRAMEWORK_HEADER = YES;
				CLANG_WARN_RANGE_LOOP_ANALYSIS = YES;
				CLANG_WARN_STRICT_PROTOTYPES = YES;
				CLANG_WARN_SUSPICIOUS_MOVE = YES;
				CLANG_WARN_UNGUARDED_AVAILABILITY = YES_AGGRESSIVE;
				CLANG_WARN_UNREACHABLE_CODE = YES;
				CLANG_WARN__DUPLICATE_METHOD_MATCH = YES;
				COPY_PHASE_STRIP = NO;
				DEBUG_INFORMATION_FORMAT = "dwarf-with-dsym";
				ENABLE_NS_ASSERTIONS = NO;
				ENABLE_STRICT_OBJC_MSGSEND = YES;
				GCC_C_LANGUAGE_STANDARD = gnu11;
				GCC_NO_COMMON_BLOCKS = YES;
				GCC_WARN_64_TO_32_BIT_CONVERSION = YES;
				GCC_WARN_ABOUT_RETURN_TYPE = YES_ERROR;
				GCC_WARN_UNDECLARED_SELECTOR = YES;
				GCC_WARN_UNINITIALIZED_AUTOS = YES_AGGRESSIVE;
				GCC_WARN_UNUSED_FUNCTION = YES;
				GCC_WARN_UNUSED_VARIABLE = YES;
				IPHONEOS_DEPLOYMENT_TARGET = 16.4;
				MTL_ENABLE_DEBUG_INFO = NO;
				MTL_FAST_MATH = YES;
				SDKROOT = iphoneos;
				SWIFT_COMPILATION_MODE = wholemodule;
				SWIFT_OPTIMIZATION_LEVEL = "-O";
				VALIDATE_PRODUCT = YES;
			};
			name = Release;
		};
		0CF8DC352A1439F40035A545 /* Debug */ = {
			isa = XCBuildConfiguration;
			buildSettings = {
				ALWAYS_EMBED_SWIFT_STANDARD_LIBRARIES = YES;
				ASSETCATALOG_COMPILER_APPICON_NAME = AppIcon;
				ASSETCATALOG_COMPILER_GLOBAL_ACCENT_COLOR_NAME = AccentColor;
				CODE_SIGN_STYLE = Automatic;
				CURRENT_PROJECT_VERSION = 1;
				DEVELOPMENT_ASSET_PATHS = "\"Carbon_Fusion/Preview Content\"";
				DEVELOPMENT_TEAM = ABK2TMF98V;
				ENABLE_PREVIEWS = YES;
				GENERATE_INFOPLIST_FILE = YES;
				INFOPLIST_FILE = "Carbon-Fusion-Info.plist";
				INFOPLIST_KEY_UIApplicationSceneManifest_Generation = YES;
				INFOPLIST_KEY_UIApplicationSupportsIndirectInputEvents = YES;
				INFOPLIST_KEY_UILaunchStoryboardName = "Launch Screen.storyboard";
				INFOPLIST_KEY_UISupportedInterfaceOrientations_iPad = "UIInterfaceOrientationPortrait UIInterfaceOrientationPortraitUpsideDown UIInterfaceOrientationLandscapeLeft UIInterfaceOrientationLandscapeRight";
				INFOPLIST_KEY_UISupportedInterfaceOrientations_iPhone = "UIInterfaceOrientationPortrait UIInterfaceOrientationLandscapeLeft UIInterfaceOrientationLandscapeRight";
				LD_RUNPATH_SEARCH_PATHS = (
					"$(inherited)",
					"@executable_path/Frameworks",
				);
				MARKETING_VERSION = 1.0;
				PRODUCT_BUNDLE_IDENTIFIER = "com.david.Carbon-Fusion";
				PRODUCT_NAME = "$(TARGET_NAME)";
				SWIFT_EMIT_LOC_STRINGS = YES;
				SWIFT_VERSION = 5.0;
				TARGETED_DEVICE_FAMILY = "1,2";
			};
			name = Debug;
		};
		0CF8DC362A1439F40035A545 /* Release */ = {
			isa = XCBuildConfiguration;
			buildSettings = {
				ALWAYS_EMBED_SWIFT_STANDARD_LIBRARIES = YES;
				ASSETCATALOG_COMPILER_APPICON_NAME = AppIcon;
				ASSETCATALOG_COMPILER_GLOBAL_ACCENT_COLOR_NAME = AccentColor;
				CODE_SIGN_STYLE = Automatic;
				CURRENT_PROJECT_VERSION = 1;
				DEVELOPMENT_ASSET_PATHS = "\"Carbon_Fusion/Preview Content\"";
				DEVELOPMENT_TEAM = ABK2TMF98V;
				ENABLE_PREVIEWS = YES;
				GENERATE_INFOPLIST_FILE = YES;
				INFOPLIST_FILE = "Carbon-Fusion-Info.plist";
				INFOPLIST_KEY_UIApplicationSceneManifest_Generation = YES;
				INFOPLIST_KEY_UIApplicationSupportsIndirectInputEvents = YES;
				INFOPLIST_KEY_UILaunchStoryboardName = "Launch Screen.storyboard";
				INFOPLIST_KEY_UISupportedInterfaceOrientations_iPad = "UIInterfaceOrientationPortrait UIInterfaceOrientationPortraitUpsideDown UIInterfaceOrientationLandscapeLeft UIInterfaceOrientationLandscapeRight";
				INFOPLIST_KEY_UISupportedInterfaceOrientations_iPhone = "UIInterfaceOrientationPortrait UIInterfaceOrientationLandscapeLeft UIInterfaceOrientationLandscapeRight";
				LD_RUNPATH_SEARCH_PATHS = (
					"$(inherited)",
					"@executable_path/Frameworks",
				);
				MARKETING_VERSION = 1.0;
				PRODUCT_BUNDLE_IDENTIFIER = "com.david.Carbon-Fusion";
				PRODUCT_NAME = "$(TARGET_NAME)";
				SWIFT_EMIT_LOC_STRINGS = YES;
				SWIFT_VERSION = 5.0;
				TARGETED_DEVICE_FAMILY = "1,2";
			};
			name = Release;
		};
/* End XCBuildConfiguration section */

/* Begin XCConfigurationList section */
		0C57686D2AA1641E00AE4FC0 /* Build configuration list for PBXNativeTarget "Carbon_FusionUITests" */ = {
			isa = XCConfigurationList;
			buildConfigurations = (
				0C57686B2AA1641E00AE4FC0 /* Debug */,
				0C57686C2AA1641E00AE4FC0 /* Release */,
			);
			defaultConfigurationIsVisible = 0;
			defaultConfigurationName = Release;
		};
		0C589D562AA50C260018C79B /* Build configuration list for PBXNativeTarget "FusionWidgetExtension" */ = {
			isa = XCConfigurationList;
			buildConfigurations = (
				0C589D542AA50C260018C79B /* Debug */,
				0C589D552AA50C260018C79B /* Release */,
			);
			defaultConfigurationIsVisible = 0;
			defaultConfigurationName = Release;
		};
		0CD22C302A897C70006BA67D /* Build configuration list for PBXNativeTarget "Carbon_FusionTests" */ = {
			isa = XCConfigurationList;
			buildConfigurations = (
				0CD22C2E2A897C70006BA67D /* Debug */,
				0CD22C2F2A897C70006BA67D /* Release */,
			);
			defaultConfigurationIsVisible = 0;
			defaultConfigurationName = Release;
		};
		0CF8DC212A1439F30035A545 /* Build configuration list for PBXProject "Carbon_Fusion" */ = {
			isa = XCConfigurationList;
			buildConfigurations = (
				0CF8DC322A1439F40035A545 /* Debug */,
				0CF8DC332A1439F40035A545 /* Release */,
			);
			defaultConfigurationIsVisible = 0;
			defaultConfigurationName = Release;
		};
		0CF8DC342A1439F40035A545 /* Build configuration list for PBXNativeTarget "Carbon_Fusion" */ = {
			isa = XCConfigurationList;
			buildConfigurations = (
				0CF8DC352A1439F40035A545 /* Debug */,
				0CF8DC362A1439F40035A545 /* Release */,
			);
			defaultConfigurationIsVisible = 0;
			defaultConfigurationName = Release;
		};
/* End XCConfigurationList section */

/* Begin XCRemoteSwiftPackageReference section */
		0C5768762AA1717800AE4FC0 /* XCRemoteSwiftPackageReference "supabase-swift" */ = {
			isa = XCRemoteSwiftPackageReference;
			repositoryURL = "https://github.com/supabase-community/supabase-swift";
			requirement = {
				kind = upToNextMajorVersion;
				minimumVersion = 0.3.0;
			};
		};
/* End XCRemoteSwiftPackageReference section */

/* Begin XCSwiftPackageProductDependency section */
		0C1ECA012AA5F95800EDB92A /* Supabase */ = {
			isa = XCSwiftPackageProductDependency;
			package = 0C5768762AA1717800AE4FC0 /* XCRemoteSwiftPackageReference "supabase-swift" */;
			productName = Supabase;
		};
		0C5768772AA1717800AE4FC0 /* Supabase */ = {
			isa = XCSwiftPackageProductDependency;
			package = 0C5768762AA1717800AE4FC0 /* XCRemoteSwiftPackageReference "supabase-swift" */;
			productName = Supabase;
		};
/* End XCSwiftPackageProductDependency section */
	};
	rootObject = 0CF8DC1E2A1439F30035A545 /* Project object */;
}
